// !$*UTF8*$!
{
	archiveVersion = 1;
	classes = {
	};
	objectVersion = 46;
	objects = {

/* Begin PBXBuildFile section */
		4A3B1717227594EA1AD8793E /* libPods-PLLock.a in Frameworks */ = {isa = PBXBuildFile; fileRef = 265A59C5BE6F3DFCB1DA4194 /* libPods-PLLock.a */; };
		C907FA191EE0AAC800FE8475 /* PLAlbumDetailsViewController.m in Sources */ = {isa = PBXBuildFile; fileRef = C907FA171EE0AAC800FE8475 /* PLAlbumDetailsViewController.m */; };
		C907FA1A1EE0AAC800FE8475 /* PLAlbumDetailsViewController.xib in Resources */ = {isa = PBXBuildFile; fileRef = C907FA181EE0AAC800FE8475 /* PLAlbumDetailsViewController.xib */; };
		C907FA1F1EE0AB3300FE8475 /* PLAlbumDetailsCollectionViewCell.m in Sources */ = {isa = PBXBuildFile; fileRef = C907FA1D1EE0AB3300FE8475 /* PLAlbumDetailsCollectionViewCell.m */; };
		C907FA201EE0AB3300FE8475 /* PLAlbumDetailsCollectionViewCell.xib in Resources */ = {isa = PBXBuildFile; fileRef = C907FA1E1EE0AB3300FE8475 /* PLAlbumDetailsCollectionViewCell.xib */; };
		C907FA241EE13E6600FE8475 /* PLImportPhotoManager.m in Sources */ = {isa = PBXBuildFile; fileRef = C907FA231EE13E6600FE8475 /* PLImportPhotoManager.m */; };
		C907FA611EE153C700FE8475 /* LICENSE in Resources */ = {isa = PBXBuildFile; fileRef = C907FA261EE153C700FE8475 /* LICENSE */; };
		C907FA621EE153C700FE8475 /* ImageError.png in Resources */ = {isa = PBXBuildFile; fileRef = C907FA291EE153C700FE8475 /* ImageError.png */; };
		C907FA631EE153C700FE8475 /* ImageError@2x.png in Resources */ = {isa = PBXBuildFile; fileRef = C907FA2A1EE153C700FE8475 /* ImageError@2x.png */; };
		C907FA641EE153C700FE8475 /* ImageError@3x.png in Resources */ = {isa = PBXBuildFile; fileRef = C907FA2B1EE153C700FE8475 /* ImageError@3x.png */; };
		C907FA651EE153C700FE8475 /* ImageSelectedOff.png in Resources */ = {isa = PBXBuildFile; fileRef = C907FA2C1EE153C700FE8475 /* ImageSelectedOff.png */; };
		C907FA661EE153C700FE8475 /* ImageSelectedOff@2x.png in Resources */ = {isa = PBXBuildFile; fileRef = C907FA2D1EE153C700FE8475 /* ImageSelectedOff@2x.png */; };
		C907FA671EE153C700FE8475 /* ImageSelectedOff@3x.png in Resources */ = {isa = PBXBuildFile; fileRef = C907FA2E1EE153C700FE8475 /* ImageSelectedOff@3x.png */; };
		C907FA681EE153C700FE8475 /* ImageSelectedOn.png in Resources */ = {isa = PBXBuildFile; fileRef = C907FA2F1EE153C700FE8475 /* ImageSelectedOn.png */; };
		C907FA691EE153C700FE8475 /* ImageSelectedOn@2x.png in Resources */ = {isa = PBXBuildFile; fileRef = C907FA301EE153C700FE8475 /* ImageSelectedOn@2x.png */; };
		C907FA6A1EE153C700FE8475 /* ImageSelectedOn@3x.png in Resources */ = {isa = PBXBuildFile; fileRef = C907FA311EE153C700FE8475 /* ImageSelectedOn@3x.png */; };
		C907FA6B1EE153C700FE8475 /* ImageSelectedSmallOff.png in Resources */ = {isa = PBXBuildFile; fileRef = C907FA321EE153C700FE8475 /* ImageSelectedSmallOff.png */; };
		C907FA6C1EE153C700FE8475 /* ImageSelectedSmallOff@2x.png in Resources */ = {isa = PBXBuildFile; fileRef = C907FA331EE153C700FE8475 /* ImageSelectedSmallOff@2x.png */; };
		C907FA6D1EE153C700FE8475 /* ImageSelectedSmallOff@3x.png in Resources */ = {isa = PBXBuildFile; fileRef = C907FA341EE153C700FE8475 /* ImageSelectedSmallOff@3x.png */; };
		C907FA6E1EE153C700FE8475 /* ImageSelectedSmallOn.png in Resources */ = {isa = PBXBuildFile; fileRef = C907FA351EE153C700FE8475 /* ImageSelectedSmallOn.png */; };
		C907FA6F1EE153C700FE8475 /* ImageSelectedSmallOn@2x.png in Resources */ = {isa = PBXBuildFile; fileRef = C907FA361EE153C700FE8475 /* ImageSelectedSmallOn@2x.png */; };
		C907FA701EE153C700FE8475 /* ImageSelectedSmallOn@3x.png in Resources */ = {isa = PBXBuildFile; fileRef = C907FA371EE153C700FE8475 /* ImageSelectedSmallOn@3x.png */; };
		C907FA711EE153C700FE8475 /* PlayButtonOverlayLarge.png in Resources */ = {isa = PBXBuildFile; fileRef = C907FA381EE153C700FE8475 /* PlayButtonOverlayLarge.png */; };
		C907FA721EE153C700FE8475 /* PlayButtonOverlayLarge@2x.png in Resources */ = {isa = PBXBuildFile; fileRef = C907FA391EE153C700FE8475 /* PlayButtonOverlayLarge@2x.png */; };
		C907FA731EE153C700FE8475 /* PlayButtonOverlayLarge@3x.png in Resources */ = {isa = PBXBuildFile; fileRef = C907FA3A1EE153C700FE8475 /* PlayButtonOverlayLarge@3x.png */; };
		C907FA741EE153C700FE8475 /* PlayButtonOverlayLargeTap.png in Resources */ = {isa = PBXBuildFile; fileRef = C907FA3B1EE153C700FE8475 /* PlayButtonOverlayLargeTap.png */; };
		C907FA751EE153C700FE8475 /* PlayButtonOverlayLargeTap@2x.png in Resources */ = {isa = PBXBuildFile; fileRef = C907FA3C1EE153C700FE8475 /* PlayButtonOverlayLargeTap@2x.png */; };
		C907FA761EE153C700FE8475 /* PlayButtonOverlayLargeTap@3x.png in Resources */ = {isa = PBXBuildFile; fileRef = C907FA3D1EE153C700FE8475 /* PlayButtonOverlayLargeTap@3x.png */; };
		C907FA771EE153C700FE8475 /* UIBarButtonItemArrowLeft.png in Resources */ = {isa = PBXBuildFile; fileRef = C907FA3E1EE153C700FE8475 /* UIBarButtonItemArrowLeft.png */; };
		C907FA781EE153C700FE8475 /* UIBarButtonItemArrowLeft@2x.png in Resources */ = {isa = PBXBuildFile; fileRef = C907FA3F1EE153C700FE8475 /* UIBarButtonItemArrowLeft@2x.png */; };
		C907FA791EE153C700FE8475 /* UIBarButtonItemArrowLeft@3x.png in Resources */ = {isa = PBXBuildFile; fileRef = C907FA401EE153C700FE8475 /* UIBarButtonItemArrowLeft@3x.png */; };
		C907FA7A1EE153C700FE8475 /* UIBarButtonItemArrowRight.png in Resources */ = {isa = PBXBuildFile; fileRef = C907FA411EE153C700FE8475 /* UIBarButtonItemArrowRight.png */; };
		C907FA7B1EE153C700FE8475 /* UIBarButtonItemArrowRight@2x.png in Resources */ = {isa = PBXBuildFile; fileRef = C907FA421EE153C700FE8475 /* UIBarButtonItemArrowRight@2x.png */; };
		C907FA7C1EE153C700FE8475 /* UIBarButtonItemArrowRight@3x.png in Resources */ = {isa = PBXBuildFile; fileRef = C907FA431EE153C700FE8475 /* UIBarButtonItemArrowRight@3x.png */; };
		C907FA7D1EE153C700FE8475 /* UIBarButtonItemGrid.png in Resources */ = {isa = PBXBuildFile; fileRef = C907FA441EE153C700FE8475 /* UIBarButtonItemGrid.png */; };
		C907FA7E1EE153C700FE8475 /* UIBarButtonItemGrid@2x.png in Resources */ = {isa = PBXBuildFile; fileRef = C907FA451EE153C700FE8475 /* UIBarButtonItemGrid@2x.png */; };
		C907FA7F1EE153C700FE8475 /* UIBarButtonItemGrid@3x.png in Resources */ = {isa = PBXBuildFile; fileRef = C907FA461EE153C700FE8475 /* UIBarButtonItemGrid@3x.png */; };
		C907FA801EE153C700FE8475 /* VideoOverlay.png in Resources */ = {isa = PBXBuildFile; fileRef = C907FA471EE153C700FE8475 /* VideoOverlay.png */; };
		C907FA811EE153C700FE8475 /* VideoOverlay@2x.png in Resources */ = {isa = PBXBuildFile; fileRef = C907FA481EE153C700FE8475 /* VideoOverlay@2x.png */; };
		C907FA821EE153C700FE8475 /* VideoOverlay@3x.png in Resources */ = {isa = PBXBuildFile; fileRef = C907FA491EE153C700FE8475 /* VideoOverlay@3x.png */; };
		C907FA831EE153C700FE8475 /* MWCaptionView.m in Sources */ = {isa = PBXBuildFile; fileRef = C907FA4C1EE153C700FE8475 /* MWCaptionView.m */; };
		C907FA841EE153C700FE8475 /* MWGridCell.m in Sources */ = {isa = PBXBuildFile; fileRef = C907FA4F1EE153C700FE8475 /* MWGridCell.m */; };
		C907FA851EE153C700FE8475 /* MWGridViewController.m in Sources */ = {isa = PBXBuildFile; fileRef = C907FA511EE153C700FE8475 /* MWGridViewController.m */; };
		C907FA861EE153C700FE8475 /* MWPhoto.m in Sources */ = {isa = PBXBuildFile; fileRef = C907FA531EE153C700FE8475 /* MWPhoto.m */; };
		C907FA871EE153C700FE8475 /* MWPhotoBrowser.m in Sources */ = {isa = PBXBuildFile; fileRef = C907FA551EE153C700FE8475 /* MWPhotoBrowser.m */; };
		C907FA881EE153C700FE8475 /* MWTapDetectingImageView.m in Sources */ = {isa = PBXBuildFile; fileRef = C907FA591EE153C700FE8475 /* MWTapDetectingImageView.m */; };
		C907FA891EE153C700FE8475 /* MWTapDetectingView.m in Sources */ = {isa = PBXBuildFile; fileRef = C907FA5B1EE153C700FE8475 /* MWTapDetectingView.m */; };
		C907FA8A1EE153C700FE8475 /* MWZoomingScrollView.m in Sources */ = {isa = PBXBuildFile; fileRef = C907FA5D1EE153C700FE8475 /* MWZoomingScrollView.m */; };
		C907FA8B1EE153C700FE8475 /* UIImage+MWPhotoBrowser.m in Sources */ = {isa = PBXBuildFile; fileRef = C907FA5F1EE153C700FE8475 /* UIImage+MWPhotoBrowser.m */; };
		C907FA8C1EE153C700FE8475 /* README.md in Sources */ = {isa = PBXBuildFile; fileRef = C907FA601EE153C700FE8475 /* README.md */; };
		C957A8C81EF0049E0035C3BF /* PLLeftMenuTableViewCell.m in Sources */ = {isa = PBXBuildFile; fileRef = C957A8C61EF0049E0035C3BF /* PLLeftMenuTableViewCell.m */; };
		C957A8C91EF0049E0035C3BF /* PLLeftMenuTableViewCell.xib in Resources */ = {isa = PBXBuildFile; fileRef = C957A8C71EF0049E0035C3BF /* PLLeftMenuTableViewCell.xib */; };
		C957A8CD1EF005CE0035C3BF /* PLLeftMenuItem.m in Sources */ = {isa = PBXBuildFile; fileRef = C957A8CC1EF005CE0035C3BF /* PLLeftMenuItem.m */; };
		C957A8D11EF00DD20035C3BF /* PLNavigationViewController.m in Sources */ = {isa = PBXBuildFile; fileRef = C957A8D01EF00DD20035C3BF /* PLNavigationViewController.m */; };
		C957A8D41EF00FB50035C3BF /* btn_left_menu@2x.png in Resources */ = {isa = PBXBuildFile; fileRef = C957A8D21EF00FB50035C3BF /* btn_left_menu@2x.png */; };
		C957A8D51EF00FB50035C3BF /* btn_left_menu@3x.png in Resources */ = {isa = PBXBuildFile; fileRef = C957A8D31EF00FB50035C3BF /* btn_left_menu@3x.png */; };
		C957A8DA1EF013360035C3BF /* PLBrowserViewController.m in Sources */ = {isa = PBXBuildFile; fileRef = C957A8D81EF013360035C3BF /* PLBrowserViewController.m */; };
		C957A8DB1EF013360035C3BF /* PLBrowserViewController.xib in Resources */ = {isa = PBXBuildFile; fileRef = C957A8D91EF013360035C3BF /* PLBrowserViewController.xib */; };
		C96BCEDE1ED3311200648F8D /* main.m in Sources */ = {isa = PBXBuildFile; fileRef = C96BCEDD1ED3311200648F8D /* main.m */; };
		C96BCEE11ED3311200648F8D /* AppDelegate.m in Sources */ = {isa = PBXBuildFile; fileRef = C96BCEE01ED3311200648F8D /* AppDelegate.m */; };
		C96BCEE91ED3311200648F8D /* Assets.xcassets in Resources */ = {isa = PBXBuildFile; fileRef = C96BCEE81ED3311200648F8D /* Assets.xcassets */; };
		C96BCEEC1ED3311200648F8D /* LaunchScreen.storyboard in Resources */ = {isa = PBXBuildFile; fileRef = C96BCEEA1ED3311200648F8D /* LaunchScreen.storyboard */; };
		C96BCEFB1ED334E600648F8D /* PLRootViewController.m in Sources */ = {isa = PBXBuildFile; fileRef = C96BCEF91ED334E600648F8D /* PLRootViewController.m */; };
		C96BCEFC1ED334E600648F8D /* PLRootViewController.xib in Resources */ = {isa = PBXBuildFile; fileRef = C96BCEFA1ED334E600648F8D /* PLRootViewController.xib */; };
		C972649D1ED342EB00D185E1 /* PLAlbumsViewController.m in Sources */ = {isa = PBXBuildFile; fileRef = C972649B1ED342EB00D185E1 /* PLAlbumsViewController.m */; };
		C972649E1ED342EB00D185E1 /* PLAlbumsViewController.xib in Resources */ = {isa = PBXBuildFile; fileRef = C972649C1ED342EB00D185E1 /* PLAlbumsViewController.xib */; };
		C97264A71ED3439700D185E1 /* PLLeftMenuTableViewController.m in Sources */ = {isa = PBXBuildFile; fileRef = C97264A51ED3439700D185E1 /* PLLeftMenuTableViewController.m */; };
		C97264A81ED3439700D185E1 /* PLLeftMenuTableViewController.xib in Resources */ = {isa = PBXBuildFile; fileRef = C97264A61ED3439700D185E1 /* PLLeftMenuTableViewController.xib */; };
		C97264AC1ED343A900D185E1 /* PLRightTableTableViewController.m in Sources */ = {isa = PBXBuildFile; fileRef = C97264AA1ED343A900D185E1 /* PLRightTableTableViewController.m */; };
		C97264AD1ED343A900D185E1 /* PLRightTableTableViewController.xib in Resources */ = {isa = PBXBuildFile; fileRef = C97264AB1ED343A900D185E1 /* PLRightTableTableViewController.xib */; };
		C97264B11ED343FF00D185E1 /* PLSettingsViewController.m in Sources */ = {isa = PBXBuildFile; fileRef = C97264AF1ED343FF00D185E1 /* PLSettingsViewController.m */; };
		C97264B21ED343FF00D185E1 /* PLSettingsViewController.xib in Resources */ = {isa = PBXBuildFile; fileRef = C97264B01ED343FF00D185E1 /* PLSettingsViewController.xib */; };
		C97264B61ED3440F00D185E1 /* PLAccountViewController.m in Sources */ = {isa = PBXBuildFile; fileRef = C97264B41ED3440F00D185E1 /* PLAccountViewController.m */; };
		C97264B71ED3440F00D185E1 /* PLAccountViewController.xib in Resources */ = {isa = PBXBuildFile; fileRef = C97264B51ED3440F00D185E1 /* PLAccountViewController.xib */; };
		C97264BB1ED3443800D185E1 /* PLNoteViewController.m in Sources */ = {isa = PBXBuildFile; fileRef = C97264B91ED3443800D185E1 /* PLNoteViewController.m */; };
		C97264BC1ED3443800D185E1 /* PLNoteViewController.xib in Resources */ = {isa = PBXBuildFile; fileRef = C97264BA1ED3443800D185E1 /* PLNoteViewController.xib */; };
		C97264C51ED344AD00D185E1 /* CNBaseColorKit.m in Sources */ = {isa = PBXBuildFile; fileRef = C97264C01ED344AD00D185E1 /* CNBaseColorKit.m */; };
		C97264C61ED344AD00D185E1 /* UIColor+HDExtensions.m in Sources */ = {isa = PBXBuildFile; fileRef = C97264C21ED344AD00D185E1 /* UIColor+HDExtensions.m */; };
		C97264C71ED344AD00D185E1 /* CNThemeManager.m in Sources */ = {isa = PBXBuildFile; fileRef = C97264C41ED344AD00D185E1 /* CNThemeManager.m */; };
		C97264CA1ED346D500D185E1 /* PLApplication.m in Sources */ = {isa = PBXBuildFile; fileRef = C97264C91ED346D500D185E1 /* PLApplication.m */; };
		C97264EF1ED358DC00D185E1 /* UIView+CNView.m in Sources */ = {isa = PBXBuildFile; fileRef = C97264E91ED358DC00D185E1 /* UIView+CNView.m */; };
		C97264F01ED358DC00D185E1 /* UIViewController+Extra.m in Sources */ = {isa = PBXBuildFile; fileRef = C97264EB1ED358DC00D185E1 /* UIViewController+Extra.m */; };
		C97264F11ED358DC00D185E1 /* UIImage+CNImage.m in Sources */ = {isa = PBXBuildFile; fileRef = C97264ED1ED358DC00D185E1 /* UIImage+CNImage.m */; };
		C97264F41ED358F300D185E1 /* PLActionButton.m in Sources */ = {isa = PBXBuildFile; fileRef = C97264F31ED358F300D185E1 /* PLActionButton.m */; };
		C97264F81ED35CDA00D185E1 /* Camera.png in Resources */ = {isa = PBXBuildFile; fileRef = C97264F51ED35CDA00D185E1 /* Camera.png */; };
		C97264F91ED35CDA00D185E1 /* Camera@2x.png in Resources */ = {isa = PBXBuildFile; fileRef = C97264F61ED35CDA00D185E1 /* Camera@2x.png */; };
		C97264FA1ED35CDA00D185E1 /* Camera@3x.png in Resources */ = {isa = PBXBuildFile; fileRef = C97264F71ED35CDA00D185E1 /* Camera@3x.png */; };
		C97264FE1ED35CE300D185E1 /* Circle_Highlighted-1.png in Resources */ = {isa = PBXBuildFile; fileRef = C97264FB1ED35CE300D185E1 /* Circle_Highlighted-1.png */; };
		C97264FF1ED35CE300D185E1 /* Circle_Highlighted-2.png in Resources */ = {isa = PBXBuildFile; fileRef = C97264FC1ED35CE300D185E1 /* Circle_Highlighted-2.png */; };
		C97265001ED35CE300D185E1 /* Circle_Highlighted.png in Resources */ = {isa = PBXBuildFile; fileRef = C97264FD1ED35CE300D185E1 /* Circle_Highlighted.png */; };
		C97265041ED35CEC00D185E1 /* Circle_Normal-1.png in Resources */ = {isa = PBXBuildFile; fileRef = C97265011ED35CEC00D185E1 /* Circle_Normal-1.png */; };
		C97265051ED35CEC00D185E1 /* Circle_Normal-2.png in Resources */ = {isa = PBXBuildFile; fileRef = C97265021ED35CEC00D185E1 /* Circle_Normal-2.png */; };
		C97265061ED35CEC00D185E1 /* Circle_Normal.png in Resources */ = {isa = PBXBuildFile; fileRef = C97265031ED35CEC00D185E1 /* Circle_Normal.png */; };
		C972650A1ED35CF600D185E1 /* Message.png in Resources */ = {isa = PBXBuildFile; fileRef = C97265071ED35CF600D185E1 /* Message.png */; };
		C972650B1ED35CF600D185E1 /* Message@2x.png in Resources */ = {isa = PBXBuildFile; fileRef = C97265081ED35CF600D185E1 /* Message@2x.png */; };
		C972650C1ED35CF600D185E1 /* Message@3x.png in Resources */ = {isa = PBXBuildFile; fileRef = C97265091ED35CF600D185E1 /* Message@3x.png */; };
		C97265101ED35CFE00D185E1 /* Picture.png in Resources */ = {isa = PBXBuildFile; fileRef = C972650D1ED35CFE00D185E1 /* Picture.png */; };
		C97265111ED35CFE00D185E1 /* Picture@2x.png in Resources */ = {isa = PBXBuildFile; fileRef = C972650E1ED35CFE00D185E1 /* Picture@2x.png */; };
		C97265121ED35CFE00D185E1 /* Picture@3x.png in Resources */ = {isa = PBXBuildFile; fileRef = C972650F1ED35CFE00D185E1 /* Picture@3x.png */; };
		C99244CB1ED5F726005C94D1 /* PLAlbumModel.m in Sources */ = {isa = PBXBuildFile; fileRef = C99244CA1ED5F726005C94D1 /* PLAlbumModel.m */; };
		C99244DA1ED5F7A9005C94D1 /* CNComponent.m in Sources */ = {isa = PBXBuildFile; fileRef = C99244CF1ED5F7A9005C94D1 /* CNComponent.m */; };
		C99244DB1ED5F7A9005C94D1 /* CNFileComponent.m in Sources */ = {isa = PBXBuildFile; fileRef = C99244D31ED5F7A9005C94D1 /* CNFileComponent.m */; };
		C99244DC1ED5F7A9005C94D1 /* CNFolderComponent.m in Sources */ = {isa = PBXBuildFile; fileRef = C99244D61ED5F7A9005C94D1 /* CNFolderComponent.m */; };
		C99244DD1ED5F7A9005C94D1 /* CNFileManager.m in Sources */ = {isa = PBXBuildFile; fileRef = C99244D81ED5F7A9005C94D1 /* CNFileManager.m */; };
		C99244DF1ED5FB57005C94D1 /* AssetsLibrary.framework in Frameworks */ = {isa = PBXBuildFile; fileRef = C99244DE1ED5FB57005C94D1 /* AssetsLibrary.framework */; };
		C99244E41ED6009E005C94D1 /* PLAlbumCollectionViewCell.m in Sources */ = {isa = PBXBuildFile; fileRef = C99244E21ED6009D005C94D1 /* PLAlbumCollectionViewCell.m */; };
		C99244E51ED6009E005C94D1 /* PLAlbumCollectionViewCell.xib in Resources */ = {isa = PBXBuildFile; fileRef = C99244E31ED6009E005C94D1 /* PLAlbumCollectionViewCell.xib */; };
/* End PBXBuildFile section */

/* Begin PBXFileReference section */
		265A59C5BE6F3DFCB1DA4194 /* libPods-PLLock.a */ = {isa = PBXFileReference; explicitFileType = archive.ar; includeInIndex = 0; path = "libPods-PLLock.a"; sourceTree = BUILT_PRODUCTS_DIR; };
		7CD2A521C16450001B17061D /* Pods-PLLock.debug.xcconfig */ = {isa = PBXFileReference; includeInIndex = 1; lastKnownFileType = text.xcconfig; name = "Pods-PLLock.debug.xcconfig"; path = "Pods/Target Support Files/Pods-PLLock/Pods-PLLock.debug.xcconfig"; sourceTree = "<group>"; };
		C7830B2618AA47CBC99592DF /* Pods-PLLock.release.xcconfig */ = {isa = PBXFileReference; includeInIndex = 1; lastKnownFileType = text.xcconfig; name = "Pods-PLLock.release.xcconfig"; path = "Pods/Target Support Files/Pods-PLLock/Pods-PLLock.release.xcconfig"; sourceTree = "<group>"; };
		C907FA161EE0AAC800FE8475 /* PLAlbumDetailsViewController.h */ = {isa = PBXFileReference; fileEncoding = 4; lastKnownFileType = sourcecode.c.h; path = PLAlbumDetailsViewController.h; sourceTree = "<group>"; };
		C907FA171EE0AAC800FE8475 /* PLAlbumDetailsViewController.m */ = {isa = PBXFileReference; fileEncoding = 4; lastKnownFileType = sourcecode.c.objc; path = PLAlbumDetailsViewController.m; sourceTree = "<group>"; };
		C907FA181EE0AAC800FE8475 /* PLAlbumDetailsViewController.xib */ = {isa = PBXFileReference; fileEncoding = 4; lastKnownFileType = file.xib; path = PLAlbumDetailsViewController.xib; sourceTree = "<group>"; };
		C907FA1C1EE0AB3300FE8475 /* PLAlbumDetailsCollectionViewCell.h */ = {isa = PBXFileReference; fileEncoding = 4; lastKnownFileType = sourcecode.c.h; path = PLAlbumDetailsCollectionViewCell.h; sourceTree = "<group>"; };
		C907FA1D1EE0AB3300FE8475 /* PLAlbumDetailsCollectionViewCell.m */ = {isa = PBXFileReference; fileEncoding = 4; lastKnownFileType = sourcecode.c.objc; path = PLAlbumDetailsCollectionViewCell.m; sourceTree = "<group>"; };
		C907FA1E1EE0AB3300FE8475 /* PLAlbumDetailsCollectionViewCell.xib */ = {isa = PBXFileReference; fileEncoding = 4; lastKnownFileType = file.xib; path = PLAlbumDetailsCollectionViewCell.xib; sourceTree = "<group>"; };
		C907FA221EE13E6600FE8475 /* PLImportPhotoManager.h */ = {isa = PBXFileReference; fileEncoding = 4; lastKnownFileType = sourcecode.c.h; path = PLImportPhotoManager.h; sourceTree = "<group>"; };
		C907FA231EE13E6600FE8475 /* PLImportPhotoManager.m */ = {isa = PBXFileReference; fileEncoding = 4; lastKnownFileType = sourcecode.c.objc; path = PLImportPhotoManager.m; sourceTree = "<group>"; };
		C907FA261EE153C700FE8475 /* LICENSE */ = {isa = PBXFileReference; fileEncoding = 4; lastKnownFileType = text; path = LICENSE; sourceTree = "<group>"; };
		C907FA291EE153C700FE8475 /* ImageError.png */ = {isa = PBXFileReference; lastKnownFileType = image.png; path = ImageError.png; sourceTree = "<group>"; };
		C907FA2A1EE153C700FE8475 /* ImageError@2x.png */ = {isa = PBXFileReference; lastKnownFileType = image.png; path = "ImageError@2x.png"; sourceTree = "<group>"; };
		C907FA2B1EE153C700FE8475 /* ImageError@3x.png */ = {isa = PBXFileReference; lastKnownFileType = image.png; path = "ImageError@3x.png"; sourceTree = "<group>"; };
		C907FA2C1EE153C700FE8475 /* ImageSelectedOff.png */ = {isa = PBXFileReference; lastKnownFileType = image.png; path = ImageSelectedOff.png; sourceTree = "<group>"; };
		C907FA2D1EE153C700FE8475 /* ImageSelectedOff@2x.png */ = {isa = PBXFileReference; lastKnownFileType = image.png; path = "ImageSelectedOff@2x.png"; sourceTree = "<group>"; };
		C907FA2E1EE153C700FE8475 /* ImageSelectedOff@3x.png */ = {isa = PBXFileReference; lastKnownFileType = image.png; path = "ImageSelectedOff@3x.png"; sourceTree = "<group>"; };
		C907FA2F1EE153C700FE8475 /* ImageSelectedOn.png */ = {isa = PBXFileReference; lastKnownFileType = image.png; path = ImageSelectedOn.png; sourceTree = "<group>"; };
		C907FA301EE153C700FE8475 /* ImageSelectedOn@2x.png */ = {isa = PBXFileReference; lastKnownFileType = image.png; path = "ImageSelectedOn@2x.png"; sourceTree = "<group>"; };
		C907FA311EE153C700FE8475 /* ImageSelectedOn@3x.png */ = {isa = PBXFileReference; lastKnownFileType = image.png; path = "ImageSelectedOn@3x.png"; sourceTree = "<group>"; };
		C907FA321EE153C700FE8475 /* ImageSelectedSmallOff.png */ = {isa = PBXFileReference; lastKnownFileType = image.png; path = ImageSelectedSmallOff.png; sourceTree = "<group>"; };
		C907FA331EE153C700FE8475 /* ImageSelectedSmallOff@2x.png */ = {isa = PBXFileReference; lastKnownFileType = image.png; path = "ImageSelectedSmallOff@2x.png"; sourceTree = "<group>"; };
		C907FA341EE153C700FE8475 /* ImageSelectedSmallOff@3x.png */ = {isa = PBXFileReference; lastKnownFileType = image.png; path = "ImageSelectedSmallOff@3x.png"; sourceTree = "<group>"; };
		C907FA351EE153C700FE8475 /* ImageSelectedSmallOn.png */ = {isa = PBXFileReference; lastKnownFileType = image.png; path = ImageSelectedSmallOn.png; sourceTree = "<group>"; };
		C907FA361EE153C700FE8475 /* ImageSelectedSmallOn@2x.png */ = {isa = PBXFileReference; lastKnownFileType = image.png; path = "ImageSelectedSmallOn@2x.png"; sourceTree = "<group>"; };
		C907FA371EE153C700FE8475 /* ImageSelectedSmallOn@3x.png */ = {isa = PBXFileReference; lastKnownFileType = image.png; path = "ImageSelectedSmallOn@3x.png"; sourceTree = "<group>"; };
		C907FA381EE153C700FE8475 /* PlayButtonOverlayLarge.png */ = {isa = PBXFileReference; lastKnownFileType = image.png; path = PlayButtonOverlayLarge.png; sourceTree = "<group>"; };
		C907FA391EE153C700FE8475 /* PlayButtonOverlayLarge@2x.png */ = {isa = PBXFileReference; lastKnownFileType = image.png; path = "PlayButtonOverlayLarge@2x.png"; sourceTree = "<group>"; };
		C907FA3A1EE153C700FE8475 /* PlayButtonOverlayLarge@3x.png */ = {isa = PBXFileReference; lastKnownFileType = image.png; path = "PlayButtonOverlayLarge@3x.png"; sourceTree = "<group>"; };
		C907FA3B1EE153C700FE8475 /* PlayButtonOverlayLargeTap.png */ = {isa = PBXFileReference; lastKnownFileType = image.png; path = PlayButtonOverlayLargeTap.png; sourceTree = "<group>"; };
		C907FA3C1EE153C700FE8475 /* PlayButtonOverlayLargeTap@2x.png */ = {isa = PBXFileReference; lastKnownFileType = image.png; path = "PlayButtonOverlayLargeTap@2x.png"; sourceTree = "<group>"; };
		C907FA3D1EE153C700FE8475 /* PlayButtonOverlayLargeTap@3x.png */ = {isa = PBXFileReference; lastKnownFileType = image.png; path = "PlayButtonOverlayLargeTap@3x.png"; sourceTree = "<group>"; };
		C907FA3E1EE153C700FE8475 /* UIBarButtonItemArrowLeft.png */ = {isa = PBXFileReference; lastKnownFileType = image.png; path = UIBarButtonItemArrowLeft.png; sourceTree = "<group>"; };
		C907FA3F1EE153C700FE8475 /* UIBarButtonItemArrowLeft@2x.png */ = {isa = PBXFileReference; lastKnownFileType = image.png; path = "UIBarButtonItemArrowLeft@2x.png"; sourceTree = "<group>"; };
		C907FA401EE153C700FE8475 /* UIBarButtonItemArrowLeft@3x.png */ = {isa = PBXFileReference; lastKnownFileType = image.png; path = "UIBarButtonItemArrowLeft@3x.png"; sourceTree = "<group>"; };
		C907FA411EE153C700FE8475 /* UIBarButtonItemArrowRight.png */ = {isa = PBXFileReference; lastKnownFileType = image.png; path = UIBarButtonItemArrowRight.png; sourceTree = "<group>"; };
		C907FA421EE153C700FE8475 /* UIBarButtonItemArrowRight@2x.png */ = {isa = PBXFileReference; lastKnownFileType = image.png; path = "UIBarButtonItemArrowRight@2x.png"; sourceTree = "<group>"; };
		C907FA431EE153C700FE8475 /* UIBarButtonItemArrowRight@3x.png */ = {isa = PBXFileReference; lastKnownFileType = image.png; path = "UIBarButtonItemArrowRight@3x.png"; sourceTree = "<group>"; };
		C907FA441EE153C700FE8475 /* UIBarButtonItemGrid.png */ = {isa = PBXFileReference; lastKnownFileType = image.png; path = UIBarButtonItemGrid.png; sourceTree = "<group>"; };
		C907FA451EE153C700FE8475 /* UIBarButtonItemGrid@2x.png */ = {isa = PBXFileReference; lastKnownFileType = image.png; path = "UIBarButtonItemGrid@2x.png"; sourceTree = "<group>"; };
		C907FA461EE153C700FE8475 /* UIBarButtonItemGrid@3x.png */ = {isa = PBXFileReference; lastKnownFileType = image.png; path = "UIBarButtonItemGrid@3x.png"; sourceTree = "<group>"; };
		C907FA471EE153C700FE8475 /* VideoOverlay.png */ = {isa = PBXFileReference; lastKnownFileType = image.png; path = VideoOverlay.png; sourceTree = "<group>"; };
		C907FA481EE153C700FE8475 /* VideoOverlay@2x.png */ = {isa = PBXFileReference; lastKnownFileType = image.png; path = "VideoOverlay@2x.png"; sourceTree = "<group>"; };
		C907FA491EE153C700FE8475 /* VideoOverlay@3x.png */ = {isa = PBXFileReference; lastKnownFileType = image.png; path = "VideoOverlay@3x.png"; sourceTree = "<group>"; };
		C907FA4B1EE153C700FE8475 /* MWCaptionView.h */ = {isa = PBXFileReference; fileEncoding = 4; lastKnownFileType = sourcecode.c.h; path = MWCaptionView.h; sourceTree = "<group>"; };
		C907FA4C1EE153C700FE8475 /* MWCaptionView.m */ = {isa = PBXFileReference; fileEncoding = 4; lastKnownFileType = sourcecode.c.objc; path = MWCaptionView.m; sourceTree = "<group>"; };
		C907FA4D1EE153C700FE8475 /* MWCommon.h */ = {isa = PBXFileReference; fileEncoding = 4; lastKnownFileType = sourcecode.c.h; path = MWCommon.h; sourceTree = "<group>"; };
		C907FA4E1EE153C700FE8475 /* MWGridCell.h */ = {isa = PBXFileReference; fileEncoding = 4; lastKnownFileType = sourcecode.c.h; path = MWGridCell.h; sourceTree = "<group>"; };
		C907FA4F1EE153C700FE8475 /* MWGridCell.m */ = {isa = PBXFileReference; fileEncoding = 4; lastKnownFileType = sourcecode.c.objc; path = MWGridCell.m; sourceTree = "<group>"; };
		C907FA501EE153C700FE8475 /* MWGridViewController.h */ = {isa = PBXFileReference; fileEncoding = 4; lastKnownFileType = sourcecode.c.h; path = MWGridViewController.h; sourceTree = "<group>"; };
		C907FA511EE153C700FE8475 /* MWGridViewController.m */ = {isa = PBXFileReference; fileEncoding = 4; lastKnownFileType = sourcecode.c.objc; path = MWGridViewController.m; sourceTree = "<group>"; };
		C907FA521EE153C700FE8475 /* MWPhoto.h */ = {isa = PBXFileReference; fileEncoding = 4; lastKnownFileType = sourcecode.c.h; path = MWPhoto.h; sourceTree = "<group>"; };
		C907FA531EE153C700FE8475 /* MWPhoto.m */ = {isa = PBXFileReference; fileEncoding = 4; lastKnownFileType = sourcecode.c.objc; path = MWPhoto.m; sourceTree = "<group>"; };
		C907FA541EE153C700FE8475 /* MWPhotoBrowser.h */ = {isa = PBXFileReference; fileEncoding = 4; lastKnownFileType = sourcecode.c.h; path = MWPhotoBrowser.h; sourceTree = "<group>"; };
		C907FA551EE153C700FE8475 /* MWPhotoBrowser.m */ = {isa = PBXFileReference; fileEncoding = 4; lastKnownFileType = sourcecode.c.objc; path = MWPhotoBrowser.m; sourceTree = "<group>"; };
		C907FA561EE153C700FE8475 /* MWPhotoBrowserPrivate.h */ = {isa = PBXFileReference; fileEncoding = 4; lastKnownFileType = sourcecode.c.h; path = MWPhotoBrowserPrivate.h; sourceTree = "<group>"; };
		C907FA571EE153C700FE8475 /* MWPhotoProtocol.h */ = {isa = PBXFileReference; fileEncoding = 4; lastKnownFileType = sourcecode.c.h; path = MWPhotoProtocol.h; sourceTree = "<group>"; };
		C907FA581EE153C700FE8475 /* MWTapDetectingImageView.h */ = {isa = PBXFileReference; fileEncoding = 4; lastKnownFileType = sourcecode.c.h; path = MWTapDetectingImageView.h; sourceTree = "<group>"; };
		C907FA591EE153C700FE8475 /* MWTapDetectingImageView.m */ = {isa = PBXFileReference; fileEncoding = 4; lastKnownFileType = sourcecode.c.objc; path = MWTapDetectingImageView.m; sourceTree = "<group>"; };
		C907FA5A1EE153C700FE8475 /* MWTapDetectingView.h */ = {isa = PBXFileReference; fileEncoding = 4; lastKnownFileType = sourcecode.c.h; path = MWTapDetectingView.h; sourceTree = "<group>"; };
		C907FA5B1EE153C700FE8475 /* MWTapDetectingView.m */ = {isa = PBXFileReference; fileEncoding = 4; lastKnownFileType = sourcecode.c.objc; path = MWTapDetectingView.m; sourceTree = "<group>"; };
		C907FA5C1EE153C700FE8475 /* MWZoomingScrollView.h */ = {isa = PBXFileReference; fileEncoding = 4; lastKnownFileType = sourcecode.c.h; path = MWZoomingScrollView.h; sourceTree = "<group>"; };
		C907FA5D1EE153C700FE8475 /* MWZoomingScrollView.m */ = {isa = PBXFileReference; fileEncoding = 4; lastKnownFileType = sourcecode.c.objc; path = MWZoomingScrollView.m; sourceTree = "<group>"; };
		C907FA5E1EE153C700FE8475 /* UIImage+MWPhotoBrowser.h */ = {isa = PBXFileReference; fileEncoding = 4; lastKnownFileType = sourcecode.c.h; path = "UIImage+MWPhotoBrowser.h"; sourceTree = "<group>"; };
		C907FA5F1EE153C700FE8475 /* UIImage+MWPhotoBrowser.m */ = {isa = PBXFileReference; fileEncoding = 4; lastKnownFileType = sourcecode.c.objc; path = "UIImage+MWPhotoBrowser.m"; sourceTree = "<group>"; };
		C907FA601EE153C700FE8475 /* README.md */ = {isa = PBXFileReference; fileEncoding = 4; lastKnownFileType = net.daringfireball.markdown; path = README.md; sourceTree = "<group>"; };
		C957A8C51EF0049E0035C3BF /* PLLeftMenuTableViewCell.h */ = {isa = PBXFileReference; fileEncoding = 4; lastKnownFileType = sourcecode.c.h; path = PLLeftMenuTableViewCell.h; sourceTree = "<group>"; };
		C957A8C61EF0049E0035C3BF /* PLLeftMenuTableViewCell.m */ = {isa = PBXFileReference; fileEncoding = 4; lastKnownFileType = sourcecode.c.objc; path = PLLeftMenuTableViewCell.m; sourceTree = "<group>"; };
		C957A8C71EF0049E0035C3BF /* PLLeftMenuTableViewCell.xib */ = {isa = PBXFileReference; fileEncoding = 4; lastKnownFileType = file.xib; path = PLLeftMenuTableViewCell.xib; sourceTree = "<group>"; };
		C957A8CB1EF005CE0035C3BF /* PLLeftMenuItem.h */ = {isa = PBXFileReference; fileEncoding = 4; lastKnownFileType = sourcecode.c.h; path = PLLeftMenuItem.h; sourceTree = "<group>"; };
		C957A8CC1EF005CE0035C3BF /* PLLeftMenuItem.m */ = {isa = PBXFileReference; fileEncoding = 4; lastKnownFileType = sourcecode.c.objc; path = PLLeftMenuItem.m; sourceTree = "<group>"; };
		C957A8CF1EF00DD20035C3BF /* PLNavigationViewController.h */ = {isa = PBXFileReference; fileEncoding = 4; lastKnownFileType = sourcecode.c.h; path = PLNavigationViewController.h; sourceTree = "<group>"; };
		C957A8D01EF00DD20035C3BF /* PLNavigationViewController.m */ = {isa = PBXFileReference; fileEncoding = 4; lastKnownFileType = sourcecode.c.objc; path = PLNavigationViewController.m; sourceTree = "<group>"; };
		C957A8D21EF00FB50035C3BF /* btn_left_menu@2x.png */ = {isa = PBXFileReference; lastKnownFileType = image.png; path = "btn_left_menu@2x.png"; sourceTree = "<group>"; };
		C957A8D31EF00FB50035C3BF /* btn_left_menu@3x.png */ = {isa = PBXFileReference; lastKnownFileType = image.png; path = "btn_left_menu@3x.png"; sourceTree = "<group>"; };
		C957A8D71EF013360035C3BF /* PLBrowserViewController.h */ = {isa = PBXFileReference; fileEncoding = 4; lastKnownFileType = sourcecode.c.h; path = PLBrowserViewController.h; sourceTree = "<group>"; };
		C957A8D81EF013360035C3BF /* PLBrowserViewController.m */ = {isa = PBXFileReference; fileEncoding = 4; lastKnownFileType = sourcecode.c.objc; path = PLBrowserViewController.m; sourceTree = "<group>"; };
		C957A8D91EF013360035C3BF /* PLBrowserViewController.xib */ = {isa = PBXFileReference; fileEncoding = 4; lastKnownFileType = file.xib; path = PLBrowserViewController.xib; sourceTree = "<group>"; };
		C96BCED91ED3311200648F8D /* PLLock.app */ = {isa = PBXFileReference; explicitFileType = wrapper.application; includeInIndex = 0; path = PLLock.app; sourceTree = BUILT_PRODUCTS_DIR; };
		C96BCEDD1ED3311200648F8D /* main.m */ = {isa = PBXFileReference; lastKnownFileType = sourcecode.c.objc; path = main.m; sourceTree = "<group>"; };
		C96BCEDF1ED3311200648F8D /* AppDelegate.h */ = {isa = PBXFileReference; lastKnownFileType = sourcecode.c.h; path = AppDelegate.h; sourceTree = "<group>"; };
		C96BCEE01ED3311200648F8D /* AppDelegate.m */ = {isa = PBXFileReference; lastKnownFileType = sourcecode.c.objc; path = AppDelegate.m; sourceTree = "<group>"; };
		C96BCEE81ED3311200648F8D /* Assets.xcassets */ = {isa = PBXFileReference; lastKnownFileType = folder.assetcatalog; path = Assets.xcassets; sourceTree = "<group>"; };
		C96BCEEB1ED3311200648F8D /* Base */ = {isa = PBXFileReference; lastKnownFileType = file.storyboard; name = Base; path = Base.lproj/LaunchScreen.storyboard; sourceTree = "<group>"; };
		C96BCEED1ED3311200648F8D /* Info.plist */ = {isa = PBXFileReference; lastKnownFileType = text.plist.xml; path = Info.plist; sourceTree = "<group>"; };
		C96BCEF81ED334E600648F8D /* PLRootViewController.h */ = {isa = PBXFileReference; fileEncoding = 4; lastKnownFileType = sourcecode.c.h; path = PLRootViewController.h; sourceTree = "<group>"; };
		C96BCEF91ED334E600648F8D /* PLRootViewController.m */ = {isa = PBXFileReference; fileEncoding = 4; lastKnownFileType = sourcecode.c.objc; path = PLRootViewController.m; sourceTree = "<group>"; };
		C96BCEFA1ED334E600648F8D /* PLRootViewController.xib */ = {isa = PBXFileReference; fileEncoding = 4; lastKnownFileType = file.xib; path = PLRootViewController.xib; sourceTree = "<group>"; };
		C96BCEFD1ED3372F00648F8D /* PrefixHeader.pch */ = {isa = PBXFileReference; lastKnownFileType = sourcecode.c.h; path = PrefixHeader.pch; sourceTree = "<group>"; };
		C972649A1ED342EB00D185E1 /* PLAlbumsViewController.h */ = {isa = PBXFileReference; fileEncoding = 4; lastKnownFileType = sourcecode.c.h; path = PLAlbumsViewController.h; sourceTree = "<group>"; };
		C972649B1ED342EB00D185E1 /* PLAlbumsViewController.m */ = {isa = PBXFileReference; fileEncoding = 4; lastKnownFileType = sourcecode.c.objc; path = PLAlbumsViewController.m; sourceTree = "<group>"; };
		C972649C1ED342EB00D185E1 /* PLAlbumsViewController.xib */ = {isa = PBXFileReference; fileEncoding = 4; lastKnownFileType = file.xib; path = PLAlbumsViewController.xib; sourceTree = "<group>"; };
		C97264A41ED3439700D185E1 /* PLLeftMenuTableViewController.h */ = {isa = PBXFileReference; fileEncoding = 4; lastKnownFileType = sourcecode.c.h; path = PLLeftMenuTableViewController.h; sourceTree = "<group>"; };
		C97264A51ED3439700D185E1 /* PLLeftMenuTableViewController.m */ = {isa = PBXFileReference; fileEncoding = 4; lastKnownFileType = sourcecode.c.objc; path = PLLeftMenuTableViewController.m; sourceTree = "<group>"; };
		C97264A61ED3439700D185E1 /* PLLeftMenuTableViewController.xib */ = {isa = PBXFileReference; fileEncoding = 4; lastKnownFileType = file.xib; path = PLLeftMenuTableViewController.xib; sourceTree = "<group>"; };
		C97264A91ED343A900D185E1 /* PLRightTableTableViewController.h */ = {isa = PBXFileReference; fileEncoding = 4; lastKnownFileType = sourcecode.c.h; path = PLRightTableTableViewController.h; sourceTree = "<group>"; };
		C97264AA1ED343A900D185E1 /* PLRightTableTableViewController.m */ = {isa = PBXFileReference; fileEncoding = 4; lastKnownFileType = sourcecode.c.objc; path = PLRightTableTableViewController.m; sourceTree = "<group>"; };
		C97264AB1ED343A900D185E1 /* PLRightTableTableViewController.xib */ = {isa = PBXFileReference; fileEncoding = 4; lastKnownFileType = file.xib; path = PLRightTableTableViewController.xib; sourceTree = "<group>"; };
		C97264AE1ED343FF00D185E1 /* PLSettingsViewController.h */ = {isa = PBXFileReference; fileEncoding = 4; lastKnownFileType = sourcecode.c.h; path = PLSettingsViewController.h; sourceTree = "<group>"; };
		C97264AF1ED343FF00D185E1 /* PLSettingsViewController.m */ = {isa = PBXFileReference; fileEncoding = 4; lastKnownFileType = sourcecode.c.objc; path = PLSettingsViewController.m; sourceTree = "<group>"; };
		C97264B01ED343FF00D185E1 /* PLSettingsViewController.xib */ = {isa = PBXFileReference; fileEncoding = 4; lastKnownFileType = file.xib; path = PLSettingsViewController.xib; sourceTree = "<group>"; };
		C97264B31ED3440F00D185E1 /* PLAccountViewController.h */ = {isa = PBXFileReference; fileEncoding = 4; lastKnownFileType = sourcecode.c.h; path = PLAccountViewController.h; sourceTree = "<group>"; };
		C97264B41ED3440F00D185E1 /* PLAccountViewController.m */ = {isa = PBXFileReference; fileEncoding = 4; lastKnownFileType = sourcecode.c.objc; path = PLAccountViewController.m; sourceTree = "<group>"; };
		C97264B51ED3440F00D185E1 /* PLAccountViewController.xib */ = {isa = PBXFileReference; fileEncoding = 4; lastKnownFileType = file.xib; path = PLAccountViewController.xib; sourceTree = "<group>"; };
		C97264B81ED3443800D185E1 /* PLNoteViewController.h */ = {isa = PBXFileReference; fileEncoding = 4; lastKnownFileType = sourcecode.c.h; path = PLNoteViewController.h; sourceTree = "<group>"; };
		C97264B91ED3443800D185E1 /* PLNoteViewController.m */ = {isa = PBXFileReference; fileEncoding = 4; lastKnownFileType = sourcecode.c.objc; path = PLNoteViewController.m; sourceTree = "<group>"; };
		C97264BA1ED3443800D185E1 /* PLNoteViewController.xib */ = {isa = PBXFileReference; fileEncoding = 4; lastKnownFileType = file.xib; path = PLNoteViewController.xib; sourceTree = "<group>"; };
		C97264BF1ED344AD00D185E1 /* CNBaseColorKit.h */ = {isa = PBXFileReference; fileEncoding = 4; lastKnownFileType = sourcecode.c.h; path = CNBaseColorKit.h; sourceTree = "<group>"; };
		C97264C01ED344AD00D185E1 /* CNBaseColorKit.m */ = {isa = PBXFileReference; fileEncoding = 4; lastKnownFileType = sourcecode.c.objc; path = CNBaseColorKit.m; sourceTree = "<group>"; };
		C97264C11ED344AD00D185E1 /* UIColor+HDExtensions.h */ = {isa = PBXFileReference; fileEncoding = 4; lastKnownFileType = sourcecode.c.h; path = "UIColor+HDExtensions.h"; sourceTree = "<group>"; };
		C97264C21ED344AD00D185E1 /* UIColor+HDExtensions.m */ = {isa = PBXFileReference; fileEncoding = 4; lastKnownFileType = sourcecode.c.objc; path = "UIColor+HDExtensions.m"; sourceTree = "<group>"; };
		C97264C31ED344AD00D185E1 /* CNThemeManager.h */ = {isa = PBXFileReference; fileEncoding = 4; lastKnownFileType = sourcecode.c.h; path = CNThemeManager.h; sourceTree = "<group>"; };
		C97264C41ED344AD00D185E1 /* CNThemeManager.m */ = {isa = PBXFileReference; fileEncoding = 4; lastKnownFileType = sourcecode.c.objc; path = CNThemeManager.m; sourceTree = "<group>"; };
		C97264C81ED346D500D185E1 /* PLApplication.h */ = {isa = PBXFileReference; fileEncoding = 4; lastKnownFileType = sourcecode.c.h; path = PLApplication.h; sourceTree = "<group>"; };
		C97264C91ED346D500D185E1 /* PLApplication.m */ = {isa = PBXFileReference; fileEncoding = 4; lastKnownFileType = sourcecode.c.objc; path = PLApplication.m; sourceTree = "<group>"; };
		C97264E91ED358DC00D185E1 /* UIView+CNView.m */ = {isa = PBXFileReference; fileEncoding = 4; lastKnownFileType = sourcecode.c.objc; path = "UIView+CNView.m"; sourceTree = "<group>"; };
		C97264EA1ED358DC00D185E1 /* UIViewController+Extra.h */ = {isa = PBXFileReference; fileEncoding = 4; lastKnownFileType = sourcecode.c.h; path = "UIViewController+Extra.h"; sourceTree = "<group>"; };
		C97264EB1ED358DC00D185E1 /* UIViewController+Extra.m */ = {isa = PBXFileReference; fileEncoding = 4; lastKnownFileType = sourcecode.c.objc; path = "UIViewController+Extra.m"; sourceTree = "<group>"; };
		C97264EC1ED358DC00D185E1 /* UIView+CNView.h */ = {isa = PBXFileReference; fileEncoding = 4; lastKnownFileType = sourcecode.c.h; path = "UIView+CNView.h"; sourceTree = "<group>"; };
		C97264ED1ED358DC00D185E1 /* UIImage+CNImage.m */ = {isa = PBXFileReference; fileEncoding = 4; lastKnownFileType = sourcecode.c.objc; path = "UIImage+CNImage.m"; sourceTree = "<group>"; };
		C97264EE1ED358DC00D185E1 /* UIImage+CNImage.h */ = {isa = PBXFileReference; fileEncoding = 4; lastKnownFileType = sourcecode.c.h; path = "UIImage+CNImage.h"; sourceTree = "<group>"; };
		C97264F21ED358F300D185E1 /* PLActionButton.h */ = {isa = PBXFileReference; fileEncoding = 4; lastKnownFileType = sourcecode.c.h; path = PLActionButton.h; sourceTree = "<group>"; };
		C97264F31ED358F300D185E1 /* PLActionButton.m */ = {isa = PBXFileReference; fileEncoding = 4; lastKnownFileType = sourcecode.c.objc; path = PLActionButton.m; sourceTree = "<group>"; };
		C97264F51ED35CDA00D185E1 /* Camera.png */ = {isa = PBXFileReference; lastKnownFileType = image.png; path = Camera.png; sourceTree = "<group>"; };
		C97264F61ED35CDA00D185E1 /* Camera@2x.png */ = {isa = PBXFileReference; lastKnownFileType = image.png; path = "Camera@2x.png"; sourceTree = "<group>"; };
		C97264F71ED35CDA00D185E1 /* Camera@3x.png */ = {isa = PBXFileReference; lastKnownFileType = image.png; path = "Camera@3x.png"; sourceTree = "<group>"; };
		C97264FB1ED35CE300D185E1 /* Circle_Highlighted-1.png */ = {isa = PBXFileReference; lastKnownFileType = image.png; path = "Circle_Highlighted-1.png"; sourceTree = "<group>"; };
		C97264FC1ED35CE300D185E1 /* Circle_Highlighted-2.png */ = {isa = PBXFileReference; lastKnownFileType = image.png; path = "Circle_Highlighted-2.png"; sourceTree = "<group>"; };
		C97264FD1ED35CE300D185E1 /* Circle_Highlighted.png */ = {isa = PBXFileReference; lastKnownFileType = image.png; path = Circle_Highlighted.png; sourceTree = "<group>"; };
		C97265011ED35CEC00D185E1 /* Circle_Normal-1.png */ = {isa = PBXFileReference; lastKnownFileType = image.png; path = "Circle_Normal-1.png"; sourceTree = "<group>"; };
		C97265021ED35CEC00D185E1 /* Circle_Normal-2.png */ = {isa = PBXFileReference; lastKnownFileType = image.png; path = "Circle_Normal-2.png"; sourceTree = "<group>"; };
		C97265031ED35CEC00D185E1 /* Circle_Normal.png */ = {isa = PBXFileReference; lastKnownFileType = image.png; path = Circle_Normal.png; sourceTree = "<group>"; };
		C97265071ED35CF600D185E1 /* Message.png */ = {isa = PBXFileReference; lastKnownFileType = image.png; path = Message.png; sourceTree = "<group>"; };
		C97265081ED35CF600D185E1 /* Message@2x.png */ = {isa = PBXFileReference; lastKnownFileType = image.png; path = "Message@2x.png"; sourceTree = "<group>"; };
		C97265091ED35CF600D185E1 /* Message@3x.png */ = {isa = PBXFileReference; lastKnownFileType = image.png; path = "Message@3x.png"; sourceTree = "<group>"; };
		C972650D1ED35CFE00D185E1 /* Picture.png */ = {isa = PBXFileReference; lastKnownFileType = image.png; path = Picture.png; sourceTree = "<group>"; };
		C972650E1ED35CFE00D185E1 /* Picture@2x.png */ = {isa = PBXFileReference; lastKnownFileType = image.png; path = "Picture@2x.png"; sourceTree = "<group>"; };
		C972650F1ED35CFE00D185E1 /* Picture@3x.png */ = {isa = PBXFileReference; lastKnownFileType = image.png; path = "Picture@3x.png"; sourceTree = "<group>"; };
		C99244C91ED5F726005C94D1 /* PLAlbumModel.h */ = {isa = PBXFileReference; fileEncoding = 4; lastKnownFileType = sourcecode.c.h; path = PLAlbumModel.h; sourceTree = "<group>"; };
		C99244CA1ED5F726005C94D1 /* PLAlbumModel.m */ = {isa = PBXFileReference; fileEncoding = 4; lastKnownFileType = sourcecode.c.objc; path = PLAlbumModel.m; sourceTree = "<group>"; };
		C99244CE1ED5F7A9005C94D1 /* CNComponent.h */ = {isa = PBXFileReference; fileEncoding = 4; lastKnownFileType = sourcecode.c.h; path = CNComponent.h; sourceTree = "<group>"; };
		C99244CF1ED5F7A9005C94D1 /* CNComponent.m */ = {isa = PBXFileReference; fileEncoding = 4; lastKnownFileType = sourcecode.c.objc; path = CNComponent.m; sourceTree = "<group>"; };
		C99244D01ED5F7A9005C94D1 /* CNComponentPrivateMethod.h */ = {isa = PBXFileReference; fileEncoding = 4; lastKnownFileType = sourcecode.c.h; path = CNComponentPrivateMethod.h; sourceTree = "<group>"; };
		C99244D21ED5F7A9005C94D1 /* CNFileComponent.h */ = {isa = PBXFileReference; fileEncoding = 4; lastKnownFileType = sourcecode.c.h; path = CNFileComponent.h; sourceTree = "<group>"; };
		C99244D31ED5F7A9005C94D1 /* CNFileComponent.m */ = {isa = PBXFileReference; fileEncoding = 4; lastKnownFileType = sourcecode.c.objc; path = CNFileComponent.m; sourceTree = "<group>"; };
		C99244D51ED5F7A9005C94D1 /* CNFolderComponent.h */ = {isa = PBXFileReference; fileEncoding = 4; lastKnownFileType = sourcecode.c.h; path = CNFolderComponent.h; sourceTree = "<group>"; };
		C99244D61ED5F7A9005C94D1 /* CNFolderComponent.m */ = {isa = PBXFileReference; fileEncoding = 4; lastKnownFileType = sourcecode.c.objc; path = CNFolderComponent.m; sourceTree = "<group>"; };
		C99244D71ED5F7A9005C94D1 /* CNFileManager.h */ = {isa = PBXFileReference; fileEncoding = 4; lastKnownFileType = sourcecode.c.h; path = CNFileManager.h; sourceTree = "<group>"; };
		C99244D81ED5F7A9005C94D1 /* CNFileManager.m */ = {isa = PBXFileReference; fileEncoding = 4; lastKnownFileType = sourcecode.c.objc; path = CNFileManager.m; sourceTree = "<group>"; };
		C99244D91ED5F7A9005C94D1 /* CNFileManagerDelagate.h */ = {isa = PBXFileReference; fileEncoding = 4; lastKnownFileType = sourcecode.c.h; path = CNFileManagerDelagate.h; sourceTree = "<group>"; };
		C99244DE1ED5FB57005C94D1 /* AssetsLibrary.framework */ = {isa = PBXFileReference; lastKnownFileType = wrapper.framework; name = AssetsLibrary.framework; path = System/Library/Frameworks/AssetsLibrary.framework; sourceTree = SDKROOT; };
		C99244E11ED6009D005C94D1 /* PLAlbumCollectionViewCell.h */ = {isa = PBXFileReference; fileEncoding = 4; lastKnownFileType = sourcecode.c.h; path = PLAlbumCollectionViewCell.h; sourceTree = "<group>"; };
		C99244E21ED6009D005C94D1 /* PLAlbumCollectionViewCell.m */ = {isa = PBXFileReference; fileEncoding = 4; lastKnownFileType = sourcecode.c.objc; path = PLAlbumCollectionViewCell.m; sourceTree = "<group>"; };
		C99244E31ED6009E005C94D1 /* PLAlbumCollectionViewCell.xib */ = {isa = PBXFileReference; fileEncoding = 4; lastKnownFileType = file.xib; path = PLAlbumCollectionViewCell.xib; sourceTree = "<group>"; };
/* End PBXFileReference section */

/* Begin PBXFrameworksBuildPhase section */
		C96BCED61ED3311200648F8D /* Frameworks */ = {
			isa = PBXFrameworksBuildPhase;
			buildActionMask = 2147483647;
			files = (
				C99244DF1ED5FB57005C94D1 /* AssetsLibrary.framework in Frameworks */,
				4A3B1717227594EA1AD8793E /* libPods-PLLock.a in Frameworks */,
			);
			runOnlyForDeploymentPostprocessing = 0;
		};
/* End PBXFrameworksBuildPhase section */

/* Begin PBXGroup section */
		20222735E3E4E74A735BB901 /* Frameworks */ = {
			isa = PBXGroup;
			children = (
				C99244DE1ED5FB57005C94D1 /* AssetsLibrary.framework */,
				265A59C5BE6F3DFCB1DA4194 /* libPods-PLLock.a */,
			);
			name = Frameworks;
			sourceTree = "<group>";
		};
		9504C2B51C7F0BDDF94F6434 /* Pods */ = {
			isa = PBXGroup;
			children = (
				7CD2A521C16450001B17061D /* Pods-PLLock.debug.xcconfig */,
				C7830B2618AA47CBC99592DF /* Pods-PLLock.release.xcconfig */,
			);
			name = Pods;
			sourceTree = "<group>";
		};
		C907FA151EE0AAA500FE8475 /* AlbumDetails */ = {
			isa = PBXGroup;
			children = (
				C907FA1B1EE0AB1000FE8475 /* View */,
				C907FA161EE0AAC800FE8475 /* PLAlbumDetailsViewController.h */,
				C907FA171EE0AAC800FE8475 /* PLAlbumDetailsViewController.m */,
				C907FA181EE0AAC800FE8475 /* PLAlbumDetailsViewController.xib */,
			);
			path = AlbumDetails;
			sourceTree = "<group>";
		};
		C907FA1B1EE0AB1000FE8475 /* View */ = {
			isa = PBXGroup;
			children = (
				C907FA1C1EE0AB3300FE8475 /* PLAlbumDetailsCollectionViewCell.h */,
				C907FA1D1EE0AB3300FE8475 /* PLAlbumDetailsCollectionViewCell.m */,
				C907FA1E1EE0AB3300FE8475 /* PLAlbumDetailsCollectionViewCell.xib */,
			);
			path = View;
			sourceTree = "<group>";
		};
		C907FA211EE13E5300FE8475 /* ImportPhoto */ = {
			isa = PBXGroup;
			children = (
				C907FA221EE13E6600FE8475 /* PLImportPhotoManager.h */,
				C907FA231EE13E6600FE8475 /* PLImportPhotoManager.m */,
			);
			path = ImportPhoto;
			sourceTree = "<group>";
		};
		C907FA251EE153C700FE8475 /* MWPhotoBrowser */ = {
			isa = PBXGroup;
			children = (
				C907FA261EE153C700FE8475 /* LICENSE */,
				C907FA271EE153C700FE8475 /* Pod */,
				C907FA601EE153C700FE8475 /* README.md */,
			);
			path = MWPhotoBrowser;
			sourceTree = "<group>";
		};
		C907FA271EE153C700FE8475 /* Pod */ = {
			isa = PBXGroup;
			children = (
				C907FA281EE153C700FE8475 /* Assets */,
				C907FA4A1EE153C700FE8475 /* Classes */,
			);
			path = Pod;
			sourceTree = "<group>";
		};
		C907FA281EE153C700FE8475 /* Assets */ = {
			isa = PBXGroup;
			children = (
				C907FA291EE153C700FE8475 /* ImageError.png */,
				C907FA2A1EE153C700FE8475 /* ImageError@2x.png */,
				C907FA2B1EE153C700FE8475 /* ImageError@3x.png */,
				C907FA2C1EE153C700FE8475 /* ImageSelectedOff.png */,
				C907FA2D1EE153C700FE8475 /* ImageSelectedOff@2x.png */,
				C907FA2E1EE153C700FE8475 /* ImageSelectedOff@3x.png */,
				C907FA2F1EE153C700FE8475 /* ImageSelectedOn.png */,
				C907FA301EE153C700FE8475 /* ImageSelectedOn@2x.png */,
				C907FA311EE153C700FE8475 /* ImageSelectedOn@3x.png */,
				C907FA321EE153C700FE8475 /* ImageSelectedSmallOff.png */,
				C907FA331EE153C700FE8475 /* ImageSelectedSmallOff@2x.png */,
				C907FA341EE153C700FE8475 /* ImageSelectedSmallOff@3x.png */,
				C907FA351EE153C700FE8475 /* ImageSelectedSmallOn.png */,
				C907FA361EE153C700FE8475 /* ImageSelectedSmallOn@2x.png */,
				C907FA371EE153C700FE8475 /* ImageSelectedSmallOn@3x.png */,
				C907FA381EE153C700FE8475 /* PlayButtonOverlayLarge.png */,
				C907FA391EE153C700FE8475 /* PlayButtonOverlayLarge@2x.png */,
				C907FA3A1EE153C700FE8475 /* PlayButtonOverlayLarge@3x.png */,
				C907FA3B1EE153C700FE8475 /* PlayButtonOverlayLargeTap.png */,
				C907FA3C1EE153C700FE8475 /* PlayButtonOverlayLargeTap@2x.png */,
				C907FA3D1EE153C700FE8475 /* PlayButtonOverlayLargeTap@3x.png */,
				C907FA3E1EE153C700FE8475 /* UIBarButtonItemArrowLeft.png */,
				C907FA3F1EE153C700FE8475 /* UIBarButtonItemArrowLeft@2x.png */,
				C907FA401EE153C700FE8475 /* UIBarButtonItemArrowLeft@3x.png */,
				C907FA411EE153C700FE8475 /* UIBarButtonItemArrowRight.png */,
				C907FA421EE153C700FE8475 /* UIBarButtonItemArrowRight@2x.png */,
				C907FA431EE153C700FE8475 /* UIBarButtonItemArrowRight@3x.png */,
				C907FA441EE153C700FE8475 /* UIBarButtonItemGrid.png */,
				C907FA451EE153C700FE8475 /* UIBarButtonItemGrid@2x.png */,
				C907FA461EE153C700FE8475 /* UIBarButtonItemGrid@3x.png */,
				C907FA471EE153C700FE8475 /* VideoOverlay.png */,
				C907FA481EE153C700FE8475 /* VideoOverlay@2x.png */,
				C907FA491EE153C700FE8475 /* VideoOverlay@3x.png */,
			);
			path = Assets;
			sourceTree = "<group>";
		};
		C907FA4A1EE153C700FE8475 /* Classes */ = {
			isa = PBXGroup;
			children = (
				C907FA4B1EE153C700FE8475 /* MWCaptionView.h */,
				C907FA4C1EE153C700FE8475 /* MWCaptionView.m */,
				C907FA4D1EE153C700FE8475 /* MWCommon.h */,
				C907FA4E1EE153C700FE8475 /* MWGridCell.h */,
				C907FA4F1EE153C700FE8475 /* MWGridCell.m */,
				C907FA501EE153C700FE8475 /* MWGridViewController.h */,
				C907FA511EE153C700FE8475 /* MWGridViewController.m */,
				C907FA521EE153C700FE8475 /* MWPhoto.h */,
				C907FA531EE153C700FE8475 /* MWPhoto.m */,
				C907FA541EE153C700FE8475 /* MWPhotoBrowser.h */,
				C907FA551EE153C700FE8475 /* MWPhotoBrowser.m */,
				C907FA561EE153C700FE8475 /* MWPhotoBrowserPrivate.h */,
				C907FA571EE153C700FE8475 /* MWPhotoProtocol.h */,
				C907FA581EE153C700FE8475 /* MWTapDetectingImageView.h */,
				C907FA591EE153C700FE8475 /* MWTapDetectingImageView.m */,
				C907FA5A1EE153C700FE8475 /* MWTapDetectingView.h */,
				C907FA5B1EE153C700FE8475 /* MWTapDetectingView.m */,
				C907FA5C1EE153C700FE8475 /* MWZoomingScrollView.h */,
				C907FA5D1EE153C700FE8475 /* MWZoomingScrollView.m */,
				C907FA5E1EE153C700FE8475 /* UIImage+MWPhotoBrowser.h */,
				C907FA5F1EE153C700FE8475 /* UIImage+MWPhotoBrowser.m */,
			);
			path = Classes;
			sourceTree = "<group>";
		};
		C957A8C31EF0044F0035C3BF /* View */ = {
			isa = PBXGroup;
			children = (
			);
			name = View;
			sourceTree = "<group>";
		};
		C957A8C41EF004620035C3BF /* View */ = {
			isa = PBXGroup;
			children = (
				C957A8C51EF0049E0035C3BF /* PLLeftMenuTableViewCell.h */,
				C957A8C61EF0049E0035C3BF /* PLLeftMenuTableViewCell.m */,
				C957A8C71EF0049E0035C3BF /* PLLeftMenuTableViewCell.xib */,
			);
			name = View;
			sourceTree = "<group>";
		};
		C957A8CA1EF005B60035C3BF /* Model */ = {
			isa = PBXGroup;
			children = (
				C957A8CB1EF005CE0035C3BF /* PLLeftMenuItem.h */,
				C957A8CC1EF005CE0035C3BF /* PLLeftMenuItem.m */,
			);
			name = Model;
			sourceTree = "<group>";
		};
		C957A8CE1EF00DBA0035C3BF /* Navigation */ = {
			isa = PBXGroup;
			children = (
				C957A8CF1EF00DD20035C3BF /* PLNavigationViewController.h */,
				C957A8D01EF00DD20035C3BF /* PLNavigationViewController.m */,
			);
			path = Navigation;
			sourceTree = "<group>";
		};
		C957A8D61EF013230035C3BF /* Browser */ = {
			isa = PBXGroup;
			children = (
				C957A8D71EF013360035C3BF /* PLBrowserViewController.h */,
				C957A8D81EF013360035C3BF /* PLBrowserViewController.m */,
				C957A8D91EF013360035C3BF /* PLBrowserViewController.xib */,
			);
			path = Browser;
			sourceTree = "<group>";
		};
		C96BCED01ED3311200648F8D = {
			isa = PBXGroup;
			children = (
				C96BCEDB1ED3311200648F8D /* PLLock */,
				C96BCEDA1ED3311200648F8D /* Products */,
				9504C2B51C7F0BDDF94F6434 /* Pods */,
				20222735E3E4E74A735BB901 /* Frameworks */,
			);
			sourceTree = "<group>";
		};
		C96BCEDA1ED3311200648F8D /* Products */ = {
			isa = PBXGroup;
			children = (
				C96BCED91ED3311200648F8D /* PLLock.app */,
			);
			name = Products;
			sourceTree = "<group>";
		};
		C96BCEDB1ED3311200648F8D /* PLLock */ = {
			isa = PBXGroup;
			children = (
				C99244C81ED5F717005C94D1 /* Model */,
				C96BCEF31ED334D000648F8D /* Screen */,
				C96BCEF51ED334D000648F8D /* ThirdParty */,
				C96BCEF61ED334D000648F8D /* Common */,
				C96BCEF71ED334D000648F8D /* Resources */,
				C96BCEDF1ED3311200648F8D /* AppDelegate.h */,
				C96BCEE01ED3311200648F8D /* AppDelegate.m */,
				C96BCEE81ED3311200648F8D /* Assets.xcassets */,
				C96BCEEA1ED3311200648F8D /* LaunchScreen.storyboard */,
				C96BCEED1ED3311200648F8D /* Info.plist */,
				C96BCEDC1ED3311200648F8D /* Supporting Files */,
				C96BCEFD1ED3372F00648F8D /* PrefixHeader.pch */,
				C97264C81ED346D500D185E1 /* PLApplication.h */,
				C97264C91ED346D500D185E1 /* PLApplication.m */,
			);
			path = PLLock;
			sourceTree = "<group>";
		};
		C96BCEDC1ED3311200648F8D /* Supporting Files */ = {
			isa = PBXGroup;
			children = (
				C96BCEDD1ED3311200648F8D /* main.m */,
			);
			name = "Supporting Files";
			sourceTree = "<group>";
		};
		C96BCEF31ED334D000648F8D /* Screen */ = {
			isa = PBXGroup;
			children = (
				C957A8D61EF013230035C3BF /* Browser */,
				C972649F1ED3437100D185E1 /* Note */,
				C97264A01ED3437100D185E1 /* Account */,
				C97264A11ED3437100D185E1 /* Setting */,
				C97264A21ED3437100D185E1 /* RightMenu */,
				C97264A31ED3437100D185E1 /* LeftMenu */,
				C97264991ED342D600D185E1 /* Albums */,
				C96BCEF41ED334D000648F8D /* Root */,
			);
			path = Screen;
			sourceTree = "<group>";
		};
		C96BCEF41ED334D000648F8D /* Root */ = {
			isa = PBXGroup;
			children = (
				C96BCEF81ED334E600648F8D /* PLRootViewController.h */,
				C96BCEF91ED334E600648F8D /* PLRootViewController.m */,
				C96BCEFA1ED334E600648F8D /* PLRootViewController.xib */,
			);
			path = Root;
			sourceTree = "<group>";
		};
		C96BCEF51ED334D000648F8D /* ThirdParty */ = {
			isa = PBXGroup;
			children = (
				C907FA251EE153C700FE8475 /* MWPhotoBrowser */,
			);
			path = ThirdParty;
			sourceTree = "<group>";
		};
		C96BCEF61ED334D000648F8D /* Common */ = {
			isa = PBXGroup;
			children = (
				C957A8CE1EF00DBA0035C3BF /* Navigation */,
				C907FA211EE13E5300FE8475 /* ImportPhoto */,
				C99244CC1ED5F7A9005C94D1 /* FileManager */,
				C97264DF1ED3589B00D185E1 /* ActionButton */,
				C97264D51ED34B8800D185E1 /* Utilities */,
				C97264BD1ED344AD00D185E1 /* UI */,
			);
			path = Common;
			sourceTree = "<group>";
		};
		C96BCEF71ED334D000648F8D /* Resources */ = {
			isa = PBXGroup;
			children = (
				C957A8D21EF00FB50035C3BF /* btn_left_menu@2x.png */,
				C957A8D31EF00FB50035C3BF /* btn_left_menu@3x.png */,
				C972650D1ED35CFE00D185E1 /* Picture.png */,
				C972650E1ED35CFE00D185E1 /* Picture@2x.png */,
				C972650F1ED35CFE00D185E1 /* Picture@3x.png */,
				C97265071ED35CF600D185E1 /* Message.png */,
				C97265081ED35CF600D185E1 /* Message@2x.png */,
				C97265091ED35CF600D185E1 /* Message@3x.png */,
				C97265011ED35CEC00D185E1 /* Circle_Normal-1.png */,
				C97265021ED35CEC00D185E1 /* Circle_Normal-2.png */,
				C97265031ED35CEC00D185E1 /* Circle_Normal.png */,
				C97264FB1ED35CE300D185E1 /* Circle_Highlighted-1.png */,
				C97264FC1ED35CE300D185E1 /* Circle_Highlighted-2.png */,
				C97264FD1ED35CE300D185E1 /* Circle_Highlighted.png */,
				C97264F51ED35CDA00D185E1 /* Camera.png */,
				C97264F61ED35CDA00D185E1 /* Camera@2x.png */,
				C97264F71ED35CDA00D185E1 /* Camera@3x.png */,
			);
			path = Resources;
			sourceTree = "<group>";
		};
		C97264991ED342D600D185E1 /* Albums */ = {
			isa = PBXGroup;
			children = (
				C907FA151EE0AAA500FE8475 /* AlbumDetails */,
				C99244E01ED60085005C94D1 /* View */,
				C972649A1ED342EB00D185E1 /* PLAlbumsViewController.h */,
				C972649B1ED342EB00D185E1 /* PLAlbumsViewController.m */,
				C972649C1ED342EB00D185E1 /* PLAlbumsViewController.xib */,
			);
			path = Albums;
			sourceTree = "<group>";
		};
		C972649F1ED3437100D185E1 /* Note */ = {
			isa = PBXGroup;
			children = (
				C97264B81ED3443800D185E1 /* PLNoteViewController.h */,
				C97264B91ED3443800D185E1 /* PLNoteViewController.m */,
				C97264BA1ED3443800D185E1 /* PLNoteViewController.xib */,
			);
			path = Note;
			sourceTree = "<group>";
		};
		C97264A01ED3437100D185E1 /* Account */ = {
			isa = PBXGroup;
			children = (
				C97264B31ED3440F00D185E1 /* PLAccountViewController.h */,
				C97264B41ED3440F00D185E1 /* PLAccountViewController.m */,
				C97264B51ED3440F00D185E1 /* PLAccountViewController.xib */,
			);
			path = Account;
			sourceTree = "<group>";
		};
		C97264A11ED3437100D185E1 /* Setting */ = {
			isa = PBXGroup;
			children = (
				C97264AE1ED343FF00D185E1 /* PLSettingsViewController.h */,
				C97264AF1ED343FF00D185E1 /* PLSettingsViewController.m */,
				C97264B01ED343FF00D185E1 /* PLSettingsViewController.xib */,
			);
			path = Setting;
			sourceTree = "<group>";
		};
		C97264A21ED3437100D185E1 /* RightMenu */ = {
			isa = PBXGroup;
			children = (
				C957A8C31EF0044F0035C3BF /* View */,
				C97264A91ED343A900D185E1 /* PLRightTableTableViewController.h */,
				C97264AA1ED343A900D185E1 /* PLRightTableTableViewController.m */,
				C97264AB1ED343A900D185E1 /* PLRightTableTableViewController.xib */,
			);
			path = RightMenu;
			sourceTree = "<group>";
		};
		C97264A31ED3437100D185E1 /* LeftMenu */ = {
			isa = PBXGroup;
			children = (
				C957A8CA1EF005B60035C3BF /* Model */,
				C957A8C41EF004620035C3BF /* View */,
				C97264A41ED3439700D185E1 /* PLLeftMenuTableViewController.h */,
				C97264A51ED3439700D185E1 /* PLLeftMenuTableViewController.m */,
				C97264A61ED3439700D185E1 /* PLLeftMenuTableViewController.xib */,
			);
			path = LeftMenu;
			sourceTree = "<group>";
		};
		C97264BD1ED344AD00D185E1 /* UI */ = {
			isa = PBXGroup;
			children = (
				C97264BE1ED344AD00D185E1 /* Color */,
				C97264C31ED344AD00D185E1 /* CNThemeManager.h */,
				C97264C41ED344AD00D185E1 /* CNThemeManager.m */,
			);
			path = UI;
			sourceTree = "<group>";
		};
		C97264BE1ED344AD00D185E1 /* Color */ = {
			isa = PBXGroup;
			children = (
				C97264BF1ED344AD00D185E1 /* CNBaseColorKit.h */,
				C97264C01ED344AD00D185E1 /* CNBaseColorKit.m */,
				C97264C11ED344AD00D185E1 /* UIColor+HDExtensions.h */,
				C97264C21ED344AD00D185E1 /* UIColor+HDExtensions.m */,
			);
			path = Color;
			sourceTree = "<group>";
		};
		C97264D51ED34B8800D185E1 /* Utilities */ = {
			isa = PBXGroup;
			children = (
				C97264E91ED358DC00D185E1 /* UIView+CNView.m */,
				C97264EA1ED358DC00D185E1 /* UIViewController+Extra.h */,
				C97264EB1ED358DC00D185E1 /* UIViewController+Extra.m */,
				C97264EC1ED358DC00D185E1 /* UIView+CNView.h */,
				C97264ED1ED358DC00D185E1 /* UIImage+CNImage.m */,
				C97264EE1ED358DC00D185E1 /* UIImage+CNImage.h */,
			);
			path = Utilities;
			sourceTree = "<group>";
		};
		C97264DF1ED3589B00D185E1 /* ActionButton */ = {
			isa = PBXGroup;
			children = (
				C97264F21ED358F300D185E1 /* PLActionButton.h */,
				C97264F31ED358F300D185E1 /* PLActionButton.m */,
			);
			path = ActionButton;
			sourceTree = "<group>";
		};
		C99244C81ED5F717005C94D1 /* Model */ = {
			isa = PBXGroup;
			children = (
				C99244C91ED5F726005C94D1 /* PLAlbumModel.h */,
				C99244CA1ED5F726005C94D1 /* PLAlbumModel.m */,
			);
			path = Model;
			sourceTree = "<group>";
		};
		C99244CC1ED5F7A9005C94D1 /* FileManager */ = {
			isa = PBXGroup;
			children = (
				C99244CD1ED5F7A9005C94D1 /* Components */,
				C99244D71ED5F7A9005C94D1 /* CNFileManager.h */,
				C99244D81ED5F7A9005C94D1 /* CNFileManager.m */,
				C99244D91ED5F7A9005C94D1 /* CNFileManagerDelagate.h */,
			);
			path = FileManager;
			sourceTree = "<group>";
		};
		C99244CD1ED5F7A9005C94D1 /* Components */ = {
			isa = PBXGroup;
			children = (
				C99244CE1ED5F7A9005C94D1 /* CNComponent.h */,
				C99244CF1ED5F7A9005C94D1 /* CNComponent.m */,
				C99244D01ED5F7A9005C94D1 /* CNComponentPrivateMethod.h */,
				C99244D11ED5F7A9005C94D1 /* FileComponent */,
				C99244D41ED5F7A9005C94D1 /* FolderComponent */,
			);
			path = Components;
			sourceTree = "<group>";
		};
		C99244D11ED5F7A9005C94D1 /* FileComponent */ = {
			isa = PBXGroup;
			children = (
				C99244D21ED5F7A9005C94D1 /* CNFileComponent.h */,
				C99244D31ED5F7A9005C94D1 /* CNFileComponent.m */,
			);
			path = FileComponent;
			sourceTree = "<group>";
		};
		C99244D41ED5F7A9005C94D1 /* FolderComponent */ = {
			isa = PBXGroup;
			children = (
				C99244D51ED5F7A9005C94D1 /* CNFolderComponent.h */,
				C99244D61ED5F7A9005C94D1 /* CNFolderComponent.m */,
			);
			path = FolderComponent;
			sourceTree = "<group>";
		};
		C99244E01ED60085005C94D1 /* View */ = {
			isa = PBXGroup;
			children = (
				C99244E11ED6009D005C94D1 /* PLAlbumCollectionViewCell.h */,
				C99244E21ED6009D005C94D1 /* PLAlbumCollectionViewCell.m */,
				C99244E31ED6009E005C94D1 /* PLAlbumCollectionViewCell.xib */,
			);
			path = View;
			sourceTree = "<group>";
		};
/* End PBXGroup section */

/* Begin PBXNativeTarget section */
		C96BCED81ED3311200648F8D /* PLLock */ = {
			isa = PBXNativeTarget;
			buildConfigurationList = C96BCEF01ED3311200648F8D /* Build configuration list for PBXNativeTarget "PLLock" */;
			buildPhases = (
				5D547E35E7A352403629D8F0 /* [CP] Check Pods Manifest.lock */,
				C96BCED51ED3311200648F8D /* Sources */,
				C96BCED61ED3311200648F8D /* Frameworks */,
				C96BCED71ED3311200648F8D /* Resources */,
				E1A7DC7D327661E919BCC8E7 /* [CP] Embed Pods Frameworks */,
				39BC1C9487FFCD7EE48EEB88 /* [CP] Copy Pods Resources */,
			);
			buildRules = (
			);
			dependencies = (
			);
			name = PLLock;
			productName = PLLock;
			productReference = C96BCED91ED3311200648F8D /* PLLock.app */;
			productType = "com.apple.product-type.application";
		};
/* End PBXNativeTarget section */

/* Begin PBXProject section */
		C96BCED11ED3311200648F8D /* Project object */ = {
			isa = PBXProject;
			attributes = {
				CLASSPREFIX = PL;
				LastUpgradeCheck = 0830;
				ORGANIZATIONNAME = CuongNguyen;
				TargetAttributes = {
					C96BCED81ED3311200648F8D = {
						CreatedOnToolsVersion = 8.3.2;
						DevelopmentTeam = KXEN64YE4M;
						ProvisioningStyle = Manual;
					};
				};
			};
			buildConfigurationList = C96BCED41ED3311200648F8D /* Build configuration list for PBXProject "PLLock" */;
			compatibilityVersion = "Xcode 3.2";
			developmentRegion = English;
			hasScannedForEncodings = 0;
			knownRegions = (
				en,
				Base,
			);
			mainGroup = C96BCED01ED3311200648F8D;
			productRefGroup = C96BCEDA1ED3311200648F8D /* Products */;
			projectDirPath = "";
			projectRoot = "";
			targets = (
				C96BCED81ED3311200648F8D /* PLLock */,
			);
		};
/* End PBXProject section */

/* Begin PBXResourcesBuildPhase section */
		C96BCED71ED3311200648F8D /* Resources */ = {
			isa = PBXResourcesBuildPhase;
			buildActionMask = 2147483647;
			files = (
				C97264BC1ED3443800D185E1 /* PLNoteViewController.xib in Resources */,
				C957A8DB1EF013360035C3BF /* PLBrowserViewController.xib in Resources */,
				C97265001ED35CE300D185E1 /* Circle_Highlighted.png in Resources */,
				C907FA6F1EE153C700FE8475 /* ImageSelectedSmallOn@2x.png in Resources */,
				C907FA621EE153C700FE8475 /* ImageError.png in Resources */,
				C907FA631EE153C700FE8475 /* ImageError@2x.png in Resources */,
				C907FA671EE153C700FE8475 /* ImageSelectedOff@3x.png in Resources */,
				C907FA731EE153C700FE8475 /* PlayButtonOverlayLarge@3x.png in Resources */,
				C907FA1A1EE0AAC800FE8475 /* PLAlbumDetailsViewController.xib in Resources */,
				C907FA701EE153C700FE8475 /* ImageSelectedSmallOn@3x.png in Resources */,
				C907FA6A1EE153C700FE8475 /* ImageSelectedOn@3x.png in Resources */,
				C97264A81ED3439700D185E1 /* PLLeftMenuTableViewController.xib in Resources */,
				C972650C1ED35CF600D185E1 /* Message@3x.png in Resources */,
				C907FA641EE153C700FE8475 /* ImageError@3x.png in Resources */,
				C957A8C91EF0049E0035C3BF /* PLLeftMenuTableViewCell.xib in Resources */,
				C97264F81ED35CDA00D185E1 /* Camera.png in Resources */,
				C907FA7D1EE153C700FE8475 /* UIBarButtonItemGrid.png in Resources */,
				C97264F91ED35CDA00D185E1 /* Camera@2x.png in Resources */,
				C972650A1ED35CF600D185E1 /* Message.png in Resources */,
				C907FA691EE153C700FE8475 /* ImageSelectedOn@2x.png in Resources */,
				C907FA6B1EE153C700FE8475 /* ImageSelectedSmallOff.png in Resources */,
				C957A8D51EF00FB50035C3BF /* btn_left_menu@3x.png in Resources */,
				C907FA751EE153C700FE8475 /* PlayButtonOverlayLargeTap@2x.png in Resources */,
				C97264FF1ED35CE300D185E1 /* Circle_Highlighted-2.png in Resources */,
				C907FA6C1EE153C700FE8475 /* ImageSelectedSmallOff@2x.png in Resources */,
				C907FA791EE153C700FE8475 /* UIBarButtonItemArrowLeft@3x.png in Resources */,
				C907FA7C1EE153C700FE8475 /* UIBarButtonItemArrowRight@3x.png in Resources */,
				C97265061ED35CEC00D185E1 /* Circle_Normal.png in Resources */,
				C957A8D41EF00FB50035C3BF /* btn_left_menu@2x.png in Resources */,
				C907FA7E1EE153C700FE8475 /* UIBarButtonItemGrid@2x.png in Resources */,
				C907FA611EE153C700FE8475 /* LICENSE in Resources */,
				C907FA651EE153C700FE8475 /* ImageSelectedOff.png in Resources */,
				C972650B1ED35CF600D185E1 /* Message@2x.png in Resources */,
				C97265051ED35CEC00D185E1 /* Circle_Normal-2.png in Resources */,
				C97264FA1ED35CDA00D185E1 /* Camera@3x.png in Resources */,
				C97264FE1ED35CE300D185E1 /* Circle_Highlighted-1.png in Resources */,
				C907FA681EE153C700FE8475 /* ImageSelectedOn.png in Resources */,
				C99244E51ED6009E005C94D1 /* PLAlbumCollectionViewCell.xib in Resources */,
				C96BCEEC1ED3311200648F8D /* LaunchScreen.storyboard in Resources */,
				C96BCEFC1ED334E600648F8D /* PLRootViewController.xib in Resources */,
				C97264B21ED343FF00D185E1 /* PLSettingsViewController.xib in Resources */,
				C907FA801EE153C700FE8475 /* VideoOverlay.png in Resources */,
				C97265121ED35CFE00D185E1 /* Picture@3x.png in Resources */,
				C907FA781EE153C700FE8475 /* UIBarButtonItemArrowLeft@2x.png in Resources */,
				C907FA6E1EE153C700FE8475 /* ImageSelectedSmallOn.png in Resources */,
				C907FA661EE153C700FE8475 /* ImageSelectedOff@2x.png in Resources */,
				C907FA201EE0AB3300FE8475 /* PLAlbumDetailsCollectionViewCell.xib in Resources */,
				C97264B71ED3440F00D185E1 /* PLAccountViewController.xib in Resources */,
				C907FA721EE153C700FE8475 /* PlayButtonOverlayLarge@2x.png in Resources */,
				C907FA821EE153C700FE8475 /* VideoOverlay@3x.png in Resources */,
				C907FA741EE153C700FE8475 /* PlayButtonOverlayLargeTap.png in Resources */,
				C97264AD1ED343A900D185E1 /* PLRightTableTableViewController.xib in Resources */,
				C907FA6D1EE153C700FE8475 /* ImageSelectedSmallOff@3x.png in Resources */,
				C907FA761EE153C700FE8475 /* PlayButtonOverlayLargeTap@3x.png in Resources */,
				C907FA771EE153C700FE8475 /* UIBarButtonItemArrowLeft.png in Resources */,
				C907FA7B1EE153C700FE8475 /* UIBarButtonItemArrowRight@2x.png in Resources */,
				C97265101ED35CFE00D185E1 /* Picture.png in Resources */,
				C972649E1ED342EB00D185E1 /* PLAlbumsViewController.xib in Resources */,
				C907FA811EE153C700FE8475 /* VideoOverlay@2x.png in Resources */,
				C907FA711EE153C700FE8475 /* PlayButtonOverlayLarge.png in Resources */,
				C97265111ED35CFE00D185E1 /* Picture@2x.png in Resources */,
				C907FA7A1EE153C700FE8475 /* UIBarButtonItemArrowRight.png in Resources */,
				C97265041ED35CEC00D185E1 /* Circle_Normal-1.png in Resources */,
				C907FA7F1EE153C700FE8475 /* UIBarButtonItemGrid@3x.png in Resources */,
				C96BCEE91ED3311200648F8D /* Assets.xcassets in Resources */,
			);
			runOnlyForDeploymentPostprocessing = 0;
		};
/* End PBXResourcesBuildPhase section */

/* Begin PBXShellScriptBuildPhase section */
		39BC1C9487FFCD7EE48EEB88 /* [CP] Copy Pods Resources */ = {
			isa = PBXShellScriptBuildPhase;
			buildActionMask = 2147483647;
			files = (
			);
			inputPaths = (
			);
			name = "[CP] Copy Pods Resources";
			outputPaths = (
			);
			runOnlyForDeploymentPostprocessing = 0;
			shellPath = /bin/sh;
			shellScript = "\"${SRCROOT}/Pods/Target Support Files/Pods-PLLock/Pods-PLLock-resources.sh\"\n";
			showEnvVarsInLog = 0;
		};
		5D547E35E7A352403629D8F0 /* [CP] Check Pods Manifest.lock */ = {
			isa = PBXShellScriptBuildPhase;
			buildActionMask = 2147483647;
			files = (
			);
			inputPaths = (
			);
			name = "[CP] Check Pods Manifest.lock";
			outputPaths = (
			);
			runOnlyForDeploymentPostprocessing = 0;
			shellPath = /bin/sh;
			shellScript = "diff \"${PODS_ROOT}/../Podfile.lock\" \"${PODS_ROOT}/Manifest.lock\" > /dev/null\nif [ $? != 0 ] ; then\n    # print error to STDERR\n    echo \"error: The sandbox is not in sync with the Podfile.lock. Run 'pod install' or update your CocoaPods installation.\" >&2\n    exit 1\nfi\n";
			showEnvVarsInLog = 0;
		};
		E1A7DC7D327661E919BCC8E7 /* [CP] Embed Pods Frameworks */ = {
			isa = PBXShellScriptBuildPhase;
			buildActionMask = 2147483647;
			files = (
			);
			inputPaths = (
			);
			name = "[CP] Embed Pods Frameworks";
			outputPaths = (
			);
			runOnlyForDeploymentPostprocessing = 0;
			shellPath = /bin/sh;
			shellScript = "\"${SRCROOT}/Pods/Target Support Files/Pods-PLLock/Pods-PLLock-frameworks.sh\"\n";
			showEnvVarsInLog = 0;
		};
/* End PBXShellScriptBuildPhase section */

/* Begin PBXSourcesBuildPhase section */
		C96BCED51ED3311200648F8D /* Sources */ = {
			isa = PBXSourcesBuildPhase;
			buildActionMask = 2147483647;
			files = (
				C97264F01ED358DC00D185E1 /* UIViewController+Extra.m in Sources */,
				C907FA871EE153C700FE8475 /* MWPhotoBrowser.m in Sources */,
				C907FA841EE153C700FE8475 /* MWGridCell.m in Sources */,
				C99244CB1ED5F726005C94D1 /* PLAlbumModel.m in Sources */,
				C957A8C81EF0049E0035C3BF /* PLLeftMenuTableViewCell.m in Sources */,
				C96BCEFB1ED334E600648F8D /* PLRootViewController.m in Sources */,
				C96BCEE11ED3311200648F8D /* AppDelegate.m in Sources */,
				C907FA8C1EE153C700FE8475 /* README.md in Sources */,
				C97264B11ED343FF00D185E1 /* PLSettingsViewController.m in Sources */,
				C97264C61ED344AD00D185E1 /* UIColor+HDExtensions.m in Sources */,
				C99244E41ED6009E005C94D1 /* PLAlbumCollectionViewCell.m in Sources */,
				C957A8DA1EF013360035C3BF /* PLBrowserViewController.m in Sources */,
				C97264EF1ED358DC00D185E1 /* UIView+CNView.m in Sources */,
				C972649D1ED342EB00D185E1 /* PLAlbumsViewController.m in Sources */,
				C97264C71ED344AD00D185E1 /* CNThemeManager.m in Sources */,
				C97264B61ED3440F00D185E1 /* PLAccountViewController.m in Sources */,
				C907FA851EE153C700FE8475 /* MWGridViewController.m in Sources */,
				C907FA191EE0AAC800FE8475 /* PLAlbumDetailsViewController.m in Sources */,
				C99244DC1ED5F7A9005C94D1 /* CNFolderComponent.m in Sources */,
				C907FA241EE13E6600FE8475 /* PLImportPhotoManager.m in Sources */,
				C907FA861EE153C700FE8475 /* MWPhoto.m in Sources */,
				C907FA881EE153C700FE8475 /* MWTapDetectingImageView.m in Sources */,
				C957A8D11EF00DD20035C3BF /* PLNavigationViewController.m in Sources */,
				C97264CA1ED346D500D185E1 /* PLApplication.m in Sources */,
				C97264AC1ED343A900D185E1 /* PLRightTableTableViewController.m in Sources */,
				C97264BB1ED3443800D185E1 /* PLNoteViewController.m in Sources */,
				C97264F41ED358F300D185E1 /* PLActionButton.m in Sources */,
				C97264F11ED358DC00D185E1 /* UIImage+CNImage.m in Sources */,
				C99244DB1ED5F7A9005C94D1 /* CNFileComponent.m in Sources */,
				C97264A71ED3439700D185E1 /* PLLeftMenuTableViewController.m in Sources */,
				C957A8CD1EF005CE0035C3BF /* PLLeftMenuItem.m in Sources */,
				C96BCEDE1ED3311200648F8D /* main.m in Sources */,
				C97264C51ED344AD00D185E1 /* CNBaseColorKit.m in Sources */,
				C99244DA1ED5F7A9005C94D1 /* CNComponent.m in Sources */,
				C907FA891EE153C700FE8475 /* MWTapDetectingView.m in Sources */,
				C907FA8B1EE153C700FE8475 /* UIImage+MWPhotoBrowser.m in Sources */,
				C907FA831EE153C700FE8475 /* MWCaptionView.m in Sources */,
				C99244DD1ED5F7A9005C94D1 /* CNFileManager.m in Sources */,
				C907FA1F1EE0AB3300FE8475 /* PLAlbumDetailsCollectionViewCell.m in Sources */,
				C907FA8A1EE153C700FE8475 /* MWZoomingScrollView.m in Sources */,
			);
			runOnlyForDeploymentPostprocessing = 0;
		};
/* End PBXSourcesBuildPhase section */

/* Begin PBXVariantGroup section */
		C96BCEEA1ED3311200648F8D /* LaunchScreen.storyboard */ = {
			isa = PBXVariantGroup;
			children = (
				C96BCEEB1ED3311200648F8D /* Base */,
			);
			name = LaunchScreen.storyboard;
			sourceTree = "<group>";
		};
/* End PBXVariantGroup section */

/* Begin XCBuildConfiguration section */
		C96BCEEE1ED3311200648F8D /* Debug */ = {
			isa = XCBuildConfiguration;
			buildSettings = {
				ALWAYS_SEARCH_USER_PATHS = NO;
				CLANG_ANALYZER_NONNULL = YES;
				CLANG_ANALYZER_NUMBER_OBJECT_CONVERSION = YES_AGGRESSIVE;
				CLANG_CXX_LANGUAGE_STANDARD = "gnu++0x";
				CLANG_CXX_LIBRARY = "libc++";
				CLANG_ENABLE_MODULES = YES;
				CLANG_ENABLE_OBJC_ARC = YES;
				CLANG_WARN_BOOL_CONVERSION = YES;
				CLANG_WARN_CONSTANT_CONVERSION = YES;
				CLANG_WARN_DIRECT_OBJC_ISA_USAGE = YES_ERROR;
				CLANG_WARN_DOCUMENTATION_COMMENTS = YES;
				CLANG_WARN_EMPTY_BODY = YES;
				CLANG_WARN_ENUM_CONVERSION = YES;
				CLANG_WARN_INFINITE_RECURSION = YES;
				CLANG_WARN_INT_CONVERSION = YES;
				CLANG_WARN_OBJC_ROOT_CLASS = YES_ERROR;
				CLANG_WARN_SUSPICIOUS_MOVE = YES;
				CLANG_WARN_UNREACHABLE_CODE = YES;
				CLANG_WARN__DUPLICATE_METHOD_MATCH = YES;
				"CODE_SIGN_IDENTITY[sdk=iphoneos*]" = "iPhone Developer";
				COPY_PHASE_STRIP = NO;
				DEBUG_INFORMATION_FORMAT = dwarf;
				ENABLE_STRICT_OBJC_MSGSEND = YES;
				ENABLE_TESTABILITY = YES;
				GCC_C_LANGUAGE_STANDARD = gnu99;
				GCC_DYNAMIC_NO_PIC = NO;
				GCC_NO_COMMON_BLOCKS = YES;
				GCC_OPTIMIZATION_LEVEL = 0;
				GCC_PREPROCESSOR_DEFINITIONS = (
					"DEBUG=1",
					"$(inherited)",
				);
				GCC_WARN_64_TO_32_BIT_CONVERSION = YES;
				GCC_WARN_ABOUT_RETURN_TYPE = YES_ERROR;
				GCC_WARN_UNDECLARED_SELECTOR = YES;
				GCC_WARN_UNINITIALIZED_AUTOS = YES_AGGRESSIVE;
				GCC_WARN_UNUSED_FUNCTION = YES;
				GCC_WARN_UNUSED_VARIABLE = YES;
				IPHONEOS_DEPLOYMENT_TARGET = 8.0;
				MTL_ENABLE_DEBUG_INFO = YES;
				ONLY_ACTIVE_ARCH = YES;
				SDKROOT = iphoneos;
				TARGETED_DEVICE_FAMILY = "1,2";
			};
			name = Debug;
		};
		C96BCEEF1ED3311200648F8D /* Release */ = {
			isa = XCBuildConfiguration;
			buildSettings = {
				ALWAYS_SEARCH_USER_PATHS = NO;
				CLANG_ANALYZER_NONNULL = YES;
				CLANG_ANALYZER_NUMBER_OBJECT_CONVERSION = YES_AGGRESSIVE;
				CLANG_CXX_LANGUAGE_STANDARD = "gnu++0x";
				CLANG_CXX_LIBRARY = "libc++";
				CLANG_ENABLE_MODULES = YES;
				CLANG_ENABLE_OBJC_ARC = YES;
				CLANG_WARN_BOOL_CONVERSION = YES;
				CLANG_WARN_CONSTANT_CONVERSION = YES;
				CLANG_WARN_DIRECT_OBJC_ISA_USAGE = YES_ERROR;
				CLANG_WARN_DOCUMENTATION_COMMENTS = YES;
				CLANG_WARN_EMPTY_BODY = YES;
				CLANG_WARN_ENUM_CONVERSION = YES;
				CLANG_WARN_INFINITE_RECURSION = YES;
				CLANG_WARN_INT_CONVERSION = YES;
				CLANG_WARN_OBJC_ROOT_CLASS = YES_ERROR;
				CLANG_WARN_SUSPICIOUS_MOVE = YES;
				CLANG_WARN_UNREACHABLE_CODE = YES;
				CLANG_WARN__DUPLICATE_METHOD_MATCH = YES;
				"CODE_SIGN_IDENTITY[sdk=iphoneos*]" = "iPhone Developer";
				COPY_PHASE_STRIP = NO;
				DEBUG_INFORMATION_FORMAT = "dwarf-with-dsym";
				ENABLE_NS_ASSERTIONS = NO;
				ENABLE_STRICT_OBJC_MSGSEND = YES;
				GCC_C_LANGUAGE_STANDARD = gnu99;
				GCC_NO_COMMON_BLOCKS = YES;
				GCC_WARN_64_TO_32_BIT_CONVERSION = YES;
				GCC_WARN_ABOUT_RETURN_TYPE = YES_ERROR;
				GCC_WARN_UNDECLARED_SELECTOR = YES;
				GCC_WARN_UNINITIALIZED_AUTOS = YES_AGGRESSIVE;
				GCC_WARN_UNUSED_FUNCTION = YES;
				GCC_WARN_UNUSED_VARIABLE = YES;
				IPHONEOS_DEPLOYMENT_TARGET = 8.0;
				MTL_ENABLE_DEBUG_INFO = NO;
				SDKROOT = iphoneos;
				TARGETED_DEVICE_FAMILY = "1,2";
				VALIDATE_PRODUCT = YES;
			};
			name = Release;
		};
		C96BCEF11ED3311200648F8D /* Debug */ = {
			isa = XCBuildConfiguration;
			baseConfigurationReference = 7CD2A521C16450001B17061D /* Pods-PLLock.debug.xcconfig */;
			buildSettings = {
				ASSETCATALOG_COMPILER_APPICON_NAME = AppIcon;
				DEVELOPMENT_TEAM = KXEN64YE4M;
				GCC_PREFIX_HEADER = PLLock/PrefixHeader.pch;
				INFOPLIST_FILE = PLLock/Info.plist;
				LD_RUNPATH_SEARCH_PATHS = "$(inherited) @executable_path/Frameworks";
				PRODUCT_BUNDLE_IDENTIFIER = io.hdapps2.HCB.PLLock;
				PRODUCT_NAME = "$(TARGET_NAME)";
				PROVISIONING_PROFILE = "94d0ad31-6690-49ad-a1d5-bba3cacbcf78";
				PROVISIONING_PROFILE_SPECIFIER = ForEveryoneDev;
			};
			name = Debug;
		};
		C96BCEF21ED3311200648F8D /* Release */ = {
			isa = XCBuildConfiguration;
			baseConfigurationReference = C7830B2618AA47CBC99592DF /* Pods-PLLock.release.xcconfig */;
			buildSettings = {
				ASSETCATALOG_COMPILER_APPICON_NAME = AppIcon;
				DEVELOPMENT_TEAM = KXEN64YE4M;
				GCC_PREFIX_HEADER = PLLock/PrefixHeader.pch;
				INFOPLIST_FILE = PLLock/Info.plist;
				LD_RUNPATH_SEARCH_PATHS = "$(inherited) @executable_path/Frameworks";
				PRODUCT_BUNDLE_IDENTIFIER = io.hdapps2.HCB.PLLock;
				PRODUCT_NAME = "$(TARGET_NAME)";
				PROVISIONING_PROFILE = "94d0ad31-6690-49ad-a1d5-bba3cacbcf78";
				PROVISIONING_PROFILE_SPECIFIER = ForEveryoneDev;
			};
			name = Release;
		};
/* End XCBuildConfiguration section */

/* Begin XCConfigurationList section */
		C96BCED41ED3311200648F8D /* Build configuration list for PBXProject "PLLock" */ = {
			isa = XCConfigurationList;
			buildConfigurations = (
				C96BCEEE1ED3311200648F8D /* Debug */,
				C96BCEEF1ED3311200648F8D /* Release */,
			);
			defaultConfigurationIsVisible = 0;
			defaultConfigurationName = Release;
		};
		C96BCEF01ED3311200648F8D /* Build configuration list for PBXNativeTarget "PLLock" */ = {
			isa = XCConfigurationList;
			buildConfigurations = (
				C96BCEF11ED3311200648F8D /* Debug */,
				C96BCEF21ED3311200648F8D /* Release */,
			);
			defaultConfigurationIsVisible = 0;
			defaultConfigurationName = Release;
		};
/* End XCConfigurationList section */
	};
	rootObject = C96BCED11ED3311200648F8D /* Project object */;
}
