// !$*UTF8*$!
{
	archiveVersion = 1;
	classes = {
	};
	objectVersion = 46;
	objects = {

/* Begin PBXBuildFile section */
		4A3B1717227594EA1AD8793E /* libPods-PLLock.a in Frameworks */ = {isa = PBXBuildFile; fileRef = 265A59C5BE6F3DFCB1DA4194 /* libPods-PLLock.a */; };
		C96BCEDE1ED3311200648F8D /* main.m in Sources */ = {isa = PBXBuildFile; fileRef = C96BCEDD1ED3311200648F8D /* main.m */; };
		C96BCEE11ED3311200648F8D /* AppDelegate.m in Sources */ = {isa = PBXBuildFile; fileRef = C96BCEE01ED3311200648F8D /* AppDelegate.m */; };
		C96BCEE91ED3311200648F8D /* Assets.xcassets in Resources */ = {isa = PBXBuildFile; fileRef = C96BCEE81ED3311200648F8D /* Assets.xcassets */; };
		C96BCEEC1ED3311200648F8D /* LaunchScreen.storyboard in Resources */ = {isa = PBXBuildFile; fileRef = C96BCEEA1ED3311200648F8D /* LaunchScreen.storyboard */; };
		C96BCEFB1ED334E600648F8D /* PLRootViewController.m in Sources */ = {isa = PBXBuildFile; fileRef = C96BCEF91ED334E600648F8D /* PLRootViewController.m */; };
		C96BCEFC1ED334E600648F8D /* PLRootViewController.xib in Resources */ = {isa = PBXBuildFile; fileRef = C96BCEFA1ED334E600648F8D /* PLRootViewController.xib */; };
		C972649D1ED342EB00D185E1 /* PLAlbumsViewController.m in Sources */ = {isa = PBXBuildFile; fileRef = C972649B1ED342EB00D185E1 /* PLAlbumsViewController.m */; };
		C972649E1ED342EB00D185E1 /* PLAlbumsViewController.xib in Resources */ = {isa = PBXBuildFile; fileRef = C972649C1ED342EB00D185E1 /* PLAlbumsViewController.xib */; };
		C97264A71ED3439700D185E1 /* PLLeftMenuTableViewController.m in Sources */ = {isa = PBXBuildFile; fileRef = C97264A51ED3439700D185E1 /* PLLeftMenuTableViewController.m */; };
		C97264A81ED3439700D185E1 /* PLLeftMenuTableViewController.xib in Resources */ = {isa = PBXBuildFile; fileRef = C97264A61ED3439700D185E1 /* PLLeftMenuTableViewController.xib */; };
		C97264AC1ED343A900D185E1 /* PLRightTableTableViewController.m in Sources */ = {isa = PBXBuildFile; fileRef = C97264AA1ED343A900D185E1 /* PLRightTableTableViewController.m */; };
		C97264AD1ED343A900D185E1 /* PLRightTableTableViewController.xib in Resources */ = {isa = PBXBuildFile; fileRef = C97264AB1ED343A900D185E1 /* PLRightTableTableViewController.xib */; };
		C97264B11ED343FF00D185E1 /* PLSettingsViewController.m in Sources */ = {isa = PBXBuildFile; fileRef = C97264AF1ED343FF00D185E1 /* PLSettingsViewController.m */; };
		C97264B21ED343FF00D185E1 /* PLSettingsViewController.xib in Resources */ = {isa = PBXBuildFile; fileRef = C97264B01ED343FF00D185E1 /* PLSettingsViewController.xib */; };
		C97264B61ED3440F00D185E1 /* PLAccountViewController.m in Sources */ = {isa = PBXBuildFile; fileRef = C97264B41ED3440F00D185E1 /* PLAccountViewController.m */; };
		C97264B71ED3440F00D185E1 /* PLAccountViewController.xib in Resources */ = {isa = PBXBuildFile; fileRef = C97264B51ED3440F00D185E1 /* PLAccountViewController.xib */; };
		C97264BB1ED3443800D185E1 /* PLNoteViewController.m in Sources */ = {isa = PBXBuildFile; fileRef = C97264B91ED3443800D185E1 /* PLNoteViewController.m */; };
		C97264BC1ED3443800D185E1 /* PLNoteViewController.xib in Resources */ = {isa = PBXBuildFile; fileRef = C97264BA1ED3443800D185E1 /* PLNoteViewController.xib */; };
		C97264C51ED344AD00D185E1 /* CNBaseColorKit.m in Sources */ = {isa = PBXBuildFile; fileRef = C97264C01ED344AD00D185E1 /* CNBaseColorKit.m */; };
		C97264C61ED344AD00D185E1 /* UIColor+HDExtensions.m in Sources */ = {isa = PBXBuildFile; fileRef = C97264C21ED344AD00D185E1 /* UIColor+HDExtensions.m */; };
		C97264C71ED344AD00D185E1 /* CNThemeManager.m in Sources */ = {isa = PBXBuildFile; fileRef = C97264C41ED344AD00D185E1 /* CNThemeManager.m */; };
		C97264CA1ED346D500D185E1 /* PLApplication.m in Sources */ = {isa = PBXBuildFile; fileRef = C97264C91ED346D500D185E1 /* PLApplication.m */; };
		C97264D21ED349E100D185E1 /* UIImage+CNImage.m in Sources */ = {isa = PBXBuildFile; fileRef = C97264CD1ED349E100D185E1 /* UIImage+CNImage.m */; };
		C97264D31ED349E100D185E1 /* UIView+CNView.m in Sources */ = {isa = PBXBuildFile; fileRef = C97264CF1ED349E100D185E1 /* UIView+CNView.m */; };
		C97264D41ED349E100D185E1 /* UIViewController+Extra.m in Sources */ = {isa = PBXBuildFile; fileRef = C97264D11ED349E100D185E1 /* UIViewController+Extra.m */; };
/* End PBXBuildFile section */

/* Begin PBXFileReference section */
		265A59C5BE6F3DFCB1DA4194 /* libPods-PLLock.a */ = {isa = PBXFileReference; explicitFileType = archive.ar; includeInIndex = 0; path = "libPods-PLLock.a"; sourceTree = BUILT_PRODUCTS_DIR; };
		7CD2A521C16450001B17061D /* Pods-PLLock.debug.xcconfig */ = {isa = PBXFileReference; includeInIndex = 1; lastKnownFileType = text.xcconfig; name = "Pods-PLLock.debug.xcconfig"; path = "Pods/Target Support Files/Pods-PLLock/Pods-PLLock.debug.xcconfig"; sourceTree = "<group>"; };
		C7830B2618AA47CBC99592DF /* Pods-PLLock.release.xcconfig */ = {isa = PBXFileReference; includeInIndex = 1; lastKnownFileType = text.xcconfig; name = "Pods-PLLock.release.xcconfig"; path = "Pods/Target Support Files/Pods-PLLock/Pods-PLLock.release.xcconfig"; sourceTree = "<group>"; };
		C96BCED91ED3311200648F8D /* PLLock.app */ = {isa = PBXFileReference; explicitFileType = wrapper.application; includeInIndex = 0; path = PLLock.app; sourceTree = BUILT_PRODUCTS_DIR; };
		C96BCEDD1ED3311200648F8D /* main.m */ = {isa = PBXFileReference; lastKnownFileType = sourcecode.c.objc; path = main.m; sourceTree = "<group>"; };
		C96BCEDF1ED3311200648F8D /* AppDelegate.h */ = {isa = PBXFileReference; lastKnownFileType = sourcecode.c.h; path = AppDelegate.h; sourceTree = "<group>"; };
		C96BCEE01ED3311200648F8D /* AppDelegate.m */ = {isa = PBXFileReference; lastKnownFileType = sourcecode.c.objc; path = AppDelegate.m; sourceTree = "<group>"; };
		C96BCEE81ED3311200648F8D /* Assets.xcassets */ = {isa = PBXFileReference; lastKnownFileType = folder.assetcatalog; path = Assets.xcassets; sourceTree = "<group>"; };
		C96BCEEB1ED3311200648F8D /* Base */ = {isa = PBXFileReference; lastKnownFileType = file.storyboard; name = Base; path = Base.lproj/LaunchScreen.storyboard; sourceTree = "<group>"; };
		C96BCEED1ED3311200648F8D /* Info.plist */ = {isa = PBXFileReference; lastKnownFileType = text.plist.xml; path = Info.plist; sourceTree = "<group>"; };
		C96BCEF81ED334E600648F8D /* PLRootViewController.h */ = {isa = PBXFileReference; fileEncoding = 4; lastKnownFileType = sourcecode.c.h; path = PLRootViewController.h; sourceTree = "<group>"; };
		C96BCEF91ED334E600648F8D /* PLRootViewController.m */ = {isa = PBXFileReference; fileEncoding = 4; lastKnownFileType = sourcecode.c.objc; path = PLRootViewController.m; sourceTree = "<group>"; };
		C96BCEFA1ED334E600648F8D /* PLRootViewController.xib */ = {isa = PBXFileReference; fileEncoding = 4; lastKnownFileType = file.xib; path = PLRootViewController.xib; sourceTree = "<group>"; };
		C96BCEFD1ED3372F00648F8D /* PrefixHeader.pch */ = {isa = PBXFileReference; lastKnownFileType = sourcecode.c.h; path = PrefixHeader.pch; sourceTree = "<group>"; };
		C972649A1ED342EB00D185E1 /* PLAlbumsViewController.h */ = {isa = PBXFileReference; fileEncoding = 4; lastKnownFileType = sourcecode.c.h; path = PLAlbumsViewController.h; sourceTree = "<group>"; };
		C972649B1ED342EB00D185E1 /* PLAlbumsViewController.m */ = {isa = PBXFileReference; fileEncoding = 4; lastKnownFileType = sourcecode.c.objc; path = PLAlbumsViewController.m; sourceTree = "<group>"; };
		C972649C1ED342EB00D185E1 /* PLAlbumsViewController.xib */ = {isa = PBXFileReference; fileEncoding = 4; lastKnownFileType = file.xib; path = PLAlbumsViewController.xib; sourceTree = "<group>"; };
		C97264A41ED3439700D185E1 /* PLLeftMenuTableViewController.h */ = {isa = PBXFileReference; fileEncoding = 4; lastKnownFileType = sourcecode.c.h; path = PLLeftMenuTableViewController.h; sourceTree = "<group>"; };
		C97264A51ED3439700D185E1 /* PLLeftMenuTableViewController.m */ = {isa = PBXFileReference; fileEncoding = 4; lastKnownFileType = sourcecode.c.objc; path = PLLeftMenuTableViewController.m; sourceTree = "<group>"; };
		C97264A61ED3439700D185E1 /* PLLeftMenuTableViewController.xib */ = {isa = PBXFileReference; fileEncoding = 4; lastKnownFileType = file.xib; path = PLLeftMenuTableViewController.xib; sourceTree = "<group>"; };
		C97264A91ED343A900D185E1 /* PLRightTableTableViewController.h */ = {isa = PBXFileReference; fileEncoding = 4; lastKnownFileType = sourcecode.c.h; path = PLRightTableTableViewController.h; sourceTree = "<group>"; };
		C97264AA1ED343A900D185E1 /* PLRightTableTableViewController.m */ = {isa = PBXFileReference; fileEncoding = 4; lastKnownFileType = sourcecode.c.objc; path = PLRightTableTableViewController.m; sourceTree = "<group>"; };
		C97264AB1ED343A900D185E1 /* PLRightTableTableViewController.xib */ = {isa = PBXFileReference; fileEncoding = 4; lastKnownFileType = file.xib; path = PLRightTableTableViewController.xib; sourceTree = "<group>"; };
		C97264AE1ED343FF00D185E1 /* PLSettingsViewController.h */ = {isa = PBXFileReference; fileEncoding = 4; lastKnownFileType = sourcecode.c.h; path = PLSettingsViewController.h; sourceTree = "<group>"; };
		C97264AF1ED343FF00D185E1 /* PLSettingsViewController.m */ = {isa = PBXFileReference; fileEncoding = 4; lastKnownFileType = sourcecode.c.objc; path = PLSettingsViewController.m; sourceTree = "<group>"; };
		C97264B01ED343FF00D185E1 /* PLSettingsViewController.xib */ = {isa = PBXFileReference; fileEncoding = 4; lastKnownFileType = file.xib; path = PLSettingsViewController.xib; sourceTree = "<group>"; };
		C97264B31ED3440F00D185E1 /* PLAccountViewController.h */ = {isa = PBXFileReference; fileEncoding = 4; lastKnownFileType = sourcecode.c.h; path = PLAccountViewController.h; sourceTree = "<group>"; };
		C97264B41ED3440F00D185E1 /* PLAccountViewController.m */ = {isa = PBXFileReference; fileEncoding = 4; lastKnownFileType = sourcecode.c.objc; path = PLAccountViewController.m; sourceTree = "<group>"; };
		C97264B51ED3440F00D185E1 /* PLAccountViewController.xib */ = {isa = PBXFileReference; fileEncoding = 4; lastKnownFileType = file.xib; path = PLAccountViewController.xib; sourceTree = "<group>"; };
		C97264B81ED3443800D185E1 /* PLNoteViewController.h */ = {isa = PBXFileReference; fileEncoding = 4; lastKnownFileType = sourcecode.c.h; path = PLNoteViewController.h; sourceTree = "<group>"; };
		C97264B91ED3443800D185E1 /* PLNoteViewController.m */ = {isa = PBXFileReference; fileEncoding = 4; lastKnownFileType = sourcecode.c.objc; path = PLNoteViewController.m; sourceTree = "<group>"; };
		C97264BA1ED3443800D185E1 /* PLNoteViewController.xib */ = {isa = PBXFileReference; fileEncoding = 4; lastKnownFileType = file.xib; path = PLNoteViewController.xib; sourceTree = "<group>"; };
		C97264BF1ED344AD00D185E1 /* CNBaseColorKit.h */ = {isa = PBXFileReference; fileEncoding = 4; lastKnownFileType = sourcecode.c.h; path = CNBaseColorKit.h; sourceTree = "<group>"; };
		C97264C01ED344AD00D185E1 /* CNBaseColorKit.m */ = {isa = PBXFileReference; fileEncoding = 4; lastKnownFileType = sourcecode.c.objc; path = CNBaseColorKit.m; sourceTree = "<group>"; };
		C97264C11ED344AD00D185E1 /* UIColor+HDExtensions.h */ = {isa = PBXFileReference; fileEncoding = 4; lastKnownFileType = sourcecode.c.h; path = "UIColor+HDExtensions.h"; sourceTree = "<group>"; };
		C97264C21ED344AD00D185E1 /* UIColor+HDExtensions.m */ = {isa = PBXFileReference; fileEncoding = 4; lastKnownFileType = sourcecode.c.objc; path = "UIColor+HDExtensions.m"; sourceTree = "<group>"; };
		C97264C31ED344AD00D185E1 /* CNThemeManager.h */ = {isa = PBXFileReference; fileEncoding = 4; lastKnownFileType = sourcecode.c.h; path = CNThemeManager.h; sourceTree = "<group>"; };
		C97264C41ED344AD00D185E1 /* CNThemeManager.m */ = {isa = PBXFileReference; fileEncoding = 4; lastKnownFileType = sourcecode.c.objc; path = CNThemeManager.m; sourceTree = "<group>"; };
		C97264C81ED346D500D185E1 /* PLApplication.h */ = {isa = PBXFileReference; fileEncoding = 4; lastKnownFileType = sourcecode.c.h; path = PLApplication.h; sourceTree = "<group>"; };
		C97264C91ED346D500D185E1 /* PLApplication.m */ = {isa = PBXFileReference; fileEncoding = 4; lastKnownFileType = sourcecode.c.objc; path = PLApplication.m; sourceTree = "<group>"; };
		C97264CC1ED349E100D185E1 /* UIImage+CNImage.h */ = {isa = PBXFileReference; fileEncoding = 4; lastKnownFileType = sourcecode.c.h; path = "UIImage+CNImage.h"; sourceTree = "<group>"; };
		C97264CD1ED349E100D185E1 /* UIImage+CNImage.m */ = {isa = PBXFileReference; fileEncoding = 4; lastKnownFileType = sourcecode.c.objc; path = "UIImage+CNImage.m"; sourceTree = "<group>"; };
		C97264CE1ED349E100D185E1 /* UIView+CNView.h */ = {isa = PBXFileReference; fileEncoding = 4; lastKnownFileType = sourcecode.c.h; path = "UIView+CNView.h"; sourceTree = "<group>"; };
		C97264CF1ED349E100D185E1 /* UIView+CNView.m */ = {isa = PBXFileReference; fileEncoding = 4; lastKnownFileType = sourcecode.c.objc; path = "UIView+CNView.m"; sourceTree = "<group>"; };
		C97264D01ED349E100D185E1 /* UIViewController+Extra.h */ = {isa = PBXFileReference; fileEncoding = 4; lastKnownFileType = sourcecode.c.h; path = "UIViewController+Extra.h"; sourceTree = "<group>"; };
		C97264D11ED349E100D185E1 /* UIViewController+Extra.m */ = {isa = PBXFileReference; fileEncoding = 4; lastKnownFileType = sourcecode.c.objc; path = "UIViewController+Extra.m"; sourceTree = "<group>"; };
/* End PBXFileReference section */

/* Begin PBXFrameworksBuildPhase section */
		C96BCED61ED3311200648F8D /* Frameworks */ = {
			isa = PBXFrameworksBuildPhase;
			buildActionMask = 2147483647;
			files = (
				4A3B1717227594EA1AD8793E /* libPods-PLLock.a in Frameworks */,
			);
			runOnlyForDeploymentPostprocessing = 0;
		};
/* End PBXFrameworksBuildPhase section */

/* Begin PBXGroup section */
		20222735E3E4E74A735BB901 /* Frameworks */ = {
			isa = PBXGroup;
			children = (
				265A59C5BE6F3DFCB1DA4194 /* libPods-PLLock.a */,
			);
			name = Frameworks;
			sourceTree = "<group>";
		};
		9504C2B51C7F0BDDF94F6434 /* Pods */ = {
			isa = PBXGroup;
			children = (
				7CD2A521C16450001B17061D /* Pods-PLLock.debug.xcconfig */,
				C7830B2618AA47CBC99592DF /* Pods-PLLock.release.xcconfig */,
			);
			name = Pods;
			sourceTree = "<group>";
		};
		C96BCED01ED3311200648F8D = {
			isa = PBXGroup;
			children = (
				C96BCEDB1ED3311200648F8D /* PLLock */,
				C96BCEDA1ED3311200648F8D /* Products */,
				9504C2B51C7F0BDDF94F6434 /* Pods */,
				20222735E3E4E74A735BB901 /* Frameworks */,
			);
			sourceTree = "<group>";
		};
		C96BCEDA1ED3311200648F8D /* Products */ = {
			isa = PBXGroup;
			children = (
				C96BCED91ED3311200648F8D /* PLLock.app */,
			);
			name = Products;
			sourceTree = "<group>";
		};
		C96BCEDB1ED3311200648F8D /* PLLock */ = {
			isa = PBXGroup;
			children = (
				C96BCEF31ED334D000648F8D /* Screen */,
				C96BCEF51ED334D000648F8D /* ThirdParty */,
				C96BCEF61ED334D000648F8D /* Common */,
				C96BCEF71ED334D000648F8D /* Resources */,
				C96BCEDF1ED3311200648F8D /* AppDelegate.h */,
				C96BCEE01ED3311200648F8D /* AppDelegate.m */,
				C96BCEE81ED3311200648F8D /* Assets.xcassets */,
				C96BCEEA1ED3311200648F8D /* LaunchScreen.storyboard */,
				C96BCEED1ED3311200648F8D /* Info.plist */,
				C96BCEDC1ED3311200648F8D /* Supporting Files */,
				C96BCEFD1ED3372F00648F8D /* PrefixHeader.pch */,
				C97264C81ED346D500D185E1 /* PLApplication.h */,
				C97264C91ED346D500D185E1 /* PLApplication.m */,
			);
			path = PLLock;
			sourceTree = "<group>";
		};
		C96BCEDC1ED3311200648F8D /* Supporting Files */ = {
			isa = PBXGroup;
			children = (
				C96BCEDD1ED3311200648F8D /* main.m */,
			);
			name = "Supporting Files";
			sourceTree = "<group>";
		};
		C96BCEF31ED334D000648F8D /* Screen */ = {
			isa = PBXGroup;
			children = (
				C972649F1ED3437100D185E1 /* Note */,
				C97264A01ED3437100D185E1 /* Account */,
				C97264A11ED3437100D185E1 /* Setting */,
				C97264A21ED3437100D185E1 /* RightMenu */,
				C97264A31ED3437100D185E1 /* LeftMenu */,
				C97264991ED342D600D185E1 /* Albums */,
				C96BCEF41ED334D000648F8D /* Root */,
			);
			path = Screen;
			sourceTree = "<group>";
		};
		C96BCEF41ED334D000648F8D /* Root */ = {
			isa = PBXGroup;
			children = (
				C96BCEF81ED334E600648F8D /* PLRootViewController.h */,
				C96BCEF91ED334E600648F8D /* PLRootViewController.m */,
				C96BCEFA1ED334E600648F8D /* PLRootViewController.xib */,
			);
			path = Root;
			sourceTree = "<group>";
		};
		C96BCEF51ED334D000648F8D /* ThirdParty */ = {
			isa = PBXGroup;
			children = (
			);
			path = ThirdParty;
			sourceTree = "<group>";
		};
		C96BCEF61ED334D000648F8D /* Common */ = {
			isa = PBXGroup;
			children = (
				C97264CB1ED349E100D185E1 /* Ultilities */,
				C97264BD1ED344AD00D185E1 /* UI */,
			);
			path = Common;
			sourceTree = "<group>";
		};
		C96BCEF71ED334D000648F8D /* Resources */ = {
			isa = PBXGroup;
			children = (
			);
			path = Resources;
			sourceTree = "<group>";
		};
		C97264991ED342D600D185E1 /* Albums */ = {
			isa = PBXGroup;
			children = (
				C972649A1ED342EB00D185E1 /* PLAlbumsViewController.h */,
				C972649B1ED342EB00D185E1 /* PLAlbumsViewController.m */,
				C972649C1ED342EB00D185E1 /* PLAlbumsViewController.xib */,
			);
			path = Albums;
			sourceTree = "<group>";
		};
		C972649F1ED3437100D185E1 /* Note */ = {
			isa = PBXGroup;
			children = (
				C97264B81ED3443800D185E1 /* PLNoteViewController.h */,
				C97264B91ED3443800D185E1 /* PLNoteViewController.m */,
				C97264BA1ED3443800D185E1 /* PLNoteViewController.xib */,
			);
			path = Note;
			sourceTree = "<group>";
		};
		C97264A01ED3437100D185E1 /* Account */ = {
			isa = PBXGroup;
			children = (
				C97264B31ED3440F00D185E1 /* PLAccountViewController.h */,
				C97264B41ED3440F00D185E1 /* PLAccountViewController.m */,
				C97264B51ED3440F00D185E1 /* PLAccountViewController.xib */,
			);
			path = Account;
			sourceTree = "<group>";
		};
		C97264A11ED3437100D185E1 /* Setting */ = {
			isa = PBXGroup;
			children = (
				C97264AE1ED343FF00D185E1 /* PLSettingsViewController.h */,
				C97264AF1ED343FF00D185E1 /* PLSettingsViewController.m */,
				C97264B01ED343FF00D185E1 /* PLSettingsViewController.xib */,
			);
			path = Setting;
			sourceTree = "<group>";
		};
		C97264A21ED3437100D185E1 /* RightMenu */ = {
			isa = PBXGroup;
			children = (
				C97264A91ED343A900D185E1 /* PLRightTableTableViewController.h */,
				C97264AA1ED343A900D185E1 /* PLRightTableTableViewController.m */,
				C97264AB1ED343A900D185E1 /* PLRightTableTableViewController.xib */,
			);
			path = RightMenu;
			sourceTree = "<group>";
		};
		C97264A31ED3437100D185E1 /* LeftMenu */ = {
			isa = PBXGroup;
			children = (
				C97264A41ED3439700D185E1 /* PLLeftMenuTableViewController.h */,
				C97264A51ED3439700D185E1 /* PLLeftMenuTableViewController.m */,
				C97264A61ED3439700D185E1 /* PLLeftMenuTableViewController.xib */,
			);
			path = LeftMenu;
			sourceTree = "<group>";
		};
		C97264BD1ED344AD00D185E1 /* UI */ = {
			isa = PBXGroup;
			children = (
				C97264BE1ED344AD00D185E1 /* Color */,
				C97264C31ED344AD00D185E1 /* CNThemeManager.h */,
				C97264C41ED344AD00D185E1 /* CNThemeManager.m */,
			);
			path = UI;
			sourceTree = "<group>";
		};
		C97264BE1ED344AD00D185E1 /* Color */ = {
			isa = PBXGroup;
			children = (
				C97264BF1ED344AD00D185E1 /* CNBaseColorKit.h */,
				C97264C01ED344AD00D185E1 /* CNBaseColorKit.m */,
				C97264C11ED344AD00D185E1 /* UIColor+HDExtensions.h */,
				C97264C21ED344AD00D185E1 /* UIColor+HDExtensions.m */,
			);
			path = Color;
			sourceTree = "<group>";
		};
		C97264CB1ED349E100D185E1 /* Ultilities */ = {
			isa = PBXGroup;
			children = (
				C97264CC1ED349E100D185E1 /* UIImage+CNImage.h */,
				C97264CD1ED349E100D185E1 /* UIImage+CNImage.m */,
				C97264CE1ED349E100D185E1 /* UIView+CNView.h */,
				C97264CF1ED349E100D185E1 /* UIView+CNView.m */,
				C97264D01ED349E100D185E1 /* UIViewController+Extra.h */,
				C97264D11ED349E100D185E1 /* UIViewController+Extra.m */,
			);
			path = Ultilities;
			sourceTree = "<group>";
		};
/* End PBXGroup section */

/* Begin PBXNativeTarget section */
		C96BCED81ED3311200648F8D /* PLLock */ = {
			isa = PBXNativeTarget;
			buildConfigurationList = C96BCEF01ED3311200648F8D /* Build configuration list for PBXNativeTarget "PLLock" */;
			buildPhases = (
				5D547E35E7A352403629D8F0 /* [CP] Check Pods Manifest.lock */,
				C96BCED51ED3311200648F8D /* Sources */,
				C96BCED61ED3311200648F8D /* Frameworks */,
				C96BCED71ED3311200648F8D /* Resources */,
				E1A7DC7D327661E919BCC8E7 /* [CP] Embed Pods Frameworks */,
				39BC1C9487FFCD7EE48EEB88 /* [CP] Copy Pods Resources */,
			);
			buildRules = (
			);
			dependencies = (
			);
			name = PLLock;
			productName = PLLock;
			productReference = C96BCED91ED3311200648F8D /* PLLock.app */;
			productType = "com.apple.product-type.application";
		};
/* End PBXNativeTarget section */

/* Begin PBXProject section */
		C96BCED11ED3311200648F8D /* Project object */ = {
			isa = PBXProject;
			attributes = {
				CLASSPREFIX = PL;
				LastUpgradeCheck = 0830;
				ORGANIZATIONNAME = CuongNguyen;
				TargetAttributes = {
					C96BCED81ED3311200648F8D = {
						CreatedOnToolsVersion = 8.3.2;
						DevelopmentTeam = KXEN64YE4M;
						ProvisioningStyle = Manual;
					};
				};
			};
			buildConfigurationList = C96BCED41ED3311200648F8D /* Build configuration list for PBXProject "PLLock" */;
			compatibilityVersion = "Xcode 3.2";
			developmentRegion = English;
			hasScannedForEncodings = 0;
			knownRegions = (
				en,
				Base,
			);
			mainGroup = C96BCED01ED3311200648F8D;
			productRefGroup = C96BCEDA1ED3311200648F8D /* Products */;
			projectDirPath = "";
			projectRoot = "";
			targets = (
				C96BCED81ED3311200648F8D /* PLLock */,
			);
		};
/* End PBXProject section */

/* Begin PBXResourcesBuildPhase section */
		C96BCED71ED3311200648F8D /* Resources */ = {
			isa = PBXResourcesBuildPhase;
			buildActionMask = 2147483647;
			files = (
				C97264BC1ED3443800D185E1 /* PLNoteViewController.xib in Resources */,
				C97264A81ED3439700D185E1 /* PLLeftMenuTableViewController.xib in Resources */,
				C96BCEEC1ED3311200648F8D /* LaunchScreen.storyboard in Resources */,
				C96BCEFC1ED334E600648F8D /* PLRootViewController.xib in Resources */,
				C97264B21ED343FF00D185E1 /* PLSettingsViewController.xib in Resources */,
				C97264B71ED3440F00D185E1 /* PLAccountViewController.xib in Resources */,
				C97264AD1ED343A900D185E1 /* PLRightTableTableViewController.xib in Resources */,
				C972649E1ED342EB00D185E1 /* PLAlbumsViewController.xib in Resources */,
				C96BCEE91ED3311200648F8D /* Assets.xcassets in Resources */,
			);
			runOnlyForDeploymentPostprocessing = 0;
		};
/* End PBXResourcesBuildPhase section */

/* Begin PBXShellScriptBuildPhase section */
		39BC1C9487FFCD7EE48EEB88 /* [CP] Copy Pods Resources */ = {
			isa = PBXShellScriptBuildPhase;
			buildActionMask = 2147483647;
			files = (
			);
			inputPaths = (
			);
			name = "[CP] Copy Pods Resources";
			outputPaths = (
			);
			runOnlyForDeploymentPostprocessing = 0;
			shellPath = /bin/sh;
			shellScript = "\"${SRCROOT}/Pods/Target Support Files/Pods-PLLock/Pods-PLLock-resources.sh\"\n";
			showEnvVarsInLog = 0;
		};
		5D547E35E7A352403629D8F0 /* [CP] Check Pods Manifest.lock */ = {
			isa = PBXShellScriptBuildPhase;
			buildActionMask = 2147483647;
			files = (
			);
			inputPaths = (
			);
			name = "[CP] Check Pods Manifest.lock";
			outputPaths = (
			);
			runOnlyForDeploymentPostprocessing = 0;
			shellPath = /bin/sh;
			shellScript = "diff \"${PODS_ROOT}/../Podfile.lock\" \"${PODS_ROOT}/Manifest.lock\" > /dev/null\nif [ $? != 0 ] ; then\n    # print error to STDERR\n    echo \"error: The sandbox is not in sync with the Podfile.lock. Run 'pod install' or update your CocoaPods installation.\" >&2\n    exit 1\nfi\n";
			showEnvVarsInLog = 0;
		};
		E1A7DC7D327661E919BCC8E7 /* [CP] Embed Pods Frameworks */ = {
			isa = PBXShellScriptBuildPhase;
			buildActionMask = 2147483647;
			files = (
			);
			inputPaths = (
			);
			name = "[CP] Embed Pods Frameworks";
			outputPaths = (
			);
			runOnlyForDeploymentPostprocessing = 0;
			shellPath = /bin/sh;
			shellScript = "\"${SRCROOT}/Pods/Target Support Files/Pods-PLLock/Pods-PLLock-frameworks.sh\"\n";
			showEnvVarsInLog = 0;
		};
/* End PBXShellScriptBuildPhase section */

/* Begin PBXSourcesBuildPhase section */
		C96BCED51ED3311200648F8D /* Sources */ = {
			isa = PBXSourcesBuildPhase;
			buildActionMask = 2147483647;
			files = (
				C97264D21ED349E100D185E1 /* UIImage+CNImage.m in Sources */,
				C96BCEFB1ED334E600648F8D /* PLRootViewController.m in Sources */,
				C96BCEE11ED3311200648F8D /* AppDelegate.m in Sources */,
				C97264D31ED349E100D185E1 /* UIView+CNView.m in Sources */,
				C97264B11ED343FF00D185E1 /* PLSettingsViewController.m in Sources */,
				C97264C61ED344AD00D185E1 /* UIColor+HDExtensions.m in Sources */,
				C972649D1ED342EB00D185E1 /* PLAlbumsViewController.m in Sources */,
				C97264C71ED344AD00D185E1 /* CNThemeManager.m in Sources */,
				C97264B61ED3440F00D185E1 /* PLAccountViewController.m in Sources */,
				C97264CA1ED346D500D185E1 /* PLApplication.m in Sources */,
				C97264AC1ED343A900D185E1 /* PLRightTableTableViewController.m in Sources */,
				C97264BB1ED3443800D185E1 /* PLNoteViewController.m in Sources */,
				C97264A71ED3439700D185E1 /* PLLeftMenuTableViewController.m in Sources */,
				C96BCEDE1ED3311200648F8D /* main.m in Sources */,
				C97264C51ED344AD00D185E1 /* CNBaseColorKit.m in Sources */,
				C97264D41ED349E100D185E1 /* UIViewController+Extra.m in Sources */,
			);
			runOnlyForDeploymentPostprocessing = 0;
		};
/* End PBXSourcesBuildPhase section */

/* Begin PBXVariantGroup section */
		C96BCEEA1ED3311200648F8D /* LaunchScreen.storyboard */ = {
			isa = PBXVariantGroup;
			children = (
				C96BCEEB1ED3311200648F8D /* Base */,
			);
			name = LaunchScreen.storyboard;
			sourceTree = "<group>";
		};
/* End PBXVariantGroup section */

/* Begin XCBuildConfiguration section */
		C96BCEEE1ED3311200648F8D /* Debug */ = {
			isa = XCBuildConfiguration;
			buildSettings = {
				ALWAYS_SEARCH_USER_PATHS = NO;
				CLANG_ANALYZER_NONNULL = YES;
				CLANG_ANALYZER_NUMBER_OBJECT_CONVERSION = YES_AGGRESSIVE;
				CLANG_CXX_LANGUAGE_STANDARD = "gnu++0x";
				CLANG_CXX_LIBRARY = "libc++";
				CLANG_ENABLE_MODULES = YES;
				CLANG_ENABLE_OBJC_ARC = YES;
				CLANG_WARN_BOOL_CONVERSION = YES;
				CLANG_WARN_CONSTANT_CONVERSION = YES;
				CLANG_WARN_DIRECT_OBJC_ISA_USAGE = YES_ERROR;
				CLANG_WARN_DOCUMENTATION_COMMENTS = YES;
				CLANG_WARN_EMPTY_BODY = YES;
				CLANG_WARN_ENUM_CONVERSION = YES;
				CLANG_WARN_INFINITE_RECURSION = YES;
				CLANG_WARN_INT_CONVERSION = YES;
				CLANG_WARN_OBJC_ROOT_CLASS = YES_ERROR;
				CLANG_WARN_SUSPICIOUS_MOVE = YES;
				CLANG_WARN_UNREACHABLE_CODE = YES;
				CLANG_WARN__DUPLICATE_METHOD_MATCH = YES;
				"CODE_SIGN_IDENTITY[sdk=iphoneos*]" = "iPhone Developer";
				COPY_PHASE_STRIP = NO;
				DEBUG_INFORMATION_FORMAT = dwarf;
				ENABLE_STRICT_OBJC_MSGSEND = YES;
				ENABLE_TESTABILITY = YES;
				GCC_C_LANGUAGE_STANDARD = gnu99;
				GCC_DYNAMIC_NO_PIC = NO;
				GCC_NO_COMMON_BLOCKS = YES;
				GCC_OPTIMIZATION_LEVEL = 0;
				GCC_PREPROCESSOR_DEFINITIONS = (
					"DEBUG=1",
					"$(inherited)",
				);
				GCC_WARN_64_TO_32_BIT_CONVERSION = YES;
				GCC_WARN_ABOUT_RETURN_TYPE = YES_ERROR;
				GCC_WARN_UNDECLARED_SELECTOR = YES;
				GCC_WARN_UNINITIALIZED_AUTOS = YES_AGGRESSIVE;
				GCC_WARN_UNUSED_FUNCTION = YES;
				GCC_WARN_UNUSED_VARIABLE = YES;
				IPHONEOS_DEPLOYMENT_TARGET = 8.0;
				MTL_ENABLE_DEBUG_INFO = YES;
				ONLY_ACTIVE_ARCH = YES;
				SDKROOT = iphoneos;
				TARGETED_DEVICE_FAMILY = "1,2";
			};
			name = Debug;
		};
		C96BCEEF1ED3311200648F8D /* Release */ = {
			isa = XCBuildConfiguration;
			buildSettings = {
				ALWAYS_SEARCH_USER_PATHS = NO;
				CLANG_ANALYZER_NONNULL = YES;
				CLANG_ANALYZER_NUMBER_OBJECT_CONVERSION = YES_AGGRESSIVE;
				CLANG_CXX_LANGUAGE_STANDARD = "gnu++0x";
				CLANG_CXX_LIBRARY = "libc++";
				CLANG_ENABLE_MODULES = YES;
				CLANG_ENABLE_OBJC_ARC = YES;
				CLANG_WARN_BOOL_CONVERSION = YES;
				CLANG_WARN_CONSTANT_CONVERSION = YES;
				CLANG_WARN_DIRECT_OBJC_ISA_USAGE = YES_ERROR;
				CLANG_WARN_DOCUMENTATION_COMMENTS = YES;
				CLANG_WARN_EMPTY_BODY = YES;
				CLANG_WARN_ENUM_CONVERSION = YES;
				CLANG_WARN_INFINITE_RECURSION = YES;
				CLANG_WARN_INT_CONVERSION = YES;
				CLANG_WARN_OBJC_ROOT_CLASS = YES_ERROR;
				CLANG_WARN_SUSPICIOUS_MOVE = YES;
				CLANG_WARN_UNREACHABLE_CODE = YES;
				CLANG_WARN__DUPLICATE_METHOD_MATCH = YES;
				"CODE_SIGN_IDENTITY[sdk=iphoneos*]" = "iPhone Developer";
				COPY_PHASE_STRIP = NO;
				DEBUG_INFORMATION_FORMAT = "dwarf-with-dsym";
				ENABLE_NS_ASSERTIONS = NO;
				ENABLE_STRICT_OBJC_MSGSEND = YES;
				GCC_C_LANGUAGE_STANDARD = gnu99;
				GCC_NO_COMMON_BLOCKS = YES;
				GCC_WARN_64_TO_32_BIT_CONVERSION = YES;
				GCC_WARN_ABOUT_RETURN_TYPE = YES_ERROR;
				GCC_WARN_UNDECLARED_SELECTOR = YES;
				GCC_WARN_UNINITIALIZED_AUTOS = YES_AGGRESSIVE;
				GCC_WARN_UNUSED_FUNCTION = YES;
				GCC_WARN_UNUSED_VARIABLE = YES;
				IPHONEOS_DEPLOYMENT_TARGET = 8.0;
				MTL_ENABLE_DEBUG_INFO = NO;
				SDKROOT = iphoneos;
				TARGETED_DEVICE_FAMILY = "1,2";
				VALIDATE_PRODUCT = YES;
			};
			name = Release;
		};
		C96BCEF11ED3311200648F8D /* Debug */ = {
			isa = XCBuildConfiguration;
			baseConfigurationReference = 7CD2A521C16450001B17061D /* Pods-PLLock.debug.xcconfig */;
			buildSettings = {
				ASSETCATALOG_COMPILER_APPICON_NAME = AppIcon;
				DEVELOPMENT_TEAM = KXEN64YE4M;
				GCC_PREFIX_HEADER = PLLock/PrefixHeader.pch;
				INFOPLIST_FILE = PLLock/Info.plist;
				LD_RUNPATH_SEARCH_PATHS = "$(inherited) @executable_path/Frameworks";
				PRODUCT_BUNDLE_IDENTIFIER = io.hdapps2.HCB.PLLock;
				PRODUCT_NAME = "$(TARGET_NAME)";
				PROVISIONING_PROFILE = "94d0ad31-6690-49ad-a1d5-bba3cacbcf78";
				PROVISIONING_PROFILE_SPECIFIER = ForEveryoneDev;
			};
			name = Debug;
		};
		C96BCEF21ED3311200648F8D /* Release */ = {
			isa = XCBuildConfiguration;
			baseConfigurationReference = C7830B2618AA47CBC99592DF /* Pods-PLLock.release.xcconfig */;
			buildSettings = {
				ASSETCATALOG_COMPILER_APPICON_NAME = AppIcon;
				DEVELOPMENT_TEAM = KXEN64YE4M;
				GCC_PREFIX_HEADER = PLLock/PrefixHeader.pch;
				INFOPLIST_FILE = PLLock/Info.plist;
				LD_RUNPATH_SEARCH_PATHS = "$(inherited) @executable_path/Frameworks";
				PRODUCT_BUNDLE_IDENTIFIER = io.hdapps2.HCB.PLLock;
				PRODUCT_NAME = "$(TARGET_NAME)";
				PROVISIONING_PROFILE = "94d0ad31-6690-49ad-a1d5-bba3cacbcf78";
				PROVISIONING_PROFILE_SPECIFIER = ForEveryoneDev;
			};
			name = Release;
		};
/* End XCBuildConfiguration section */

/* Begin XCConfigurationList section */
		C96BCED41ED3311200648F8D /* Build configuration list for PBXProject "PLLock" */ = {
			isa = XCConfigurationList;
			buildConfigurations = (
				C96BCEEE1ED3311200648F8D /* Debug */,
				C96BCEEF1ED3311200648F8D /* Release */,
			);
			defaultConfigurationIsVisible = 0;
			defaultConfigurationName = Release;
		};
		C96BCEF01ED3311200648F8D /* Build configuration list for PBXNativeTarget "PLLock" */ = {
			isa = XCConfigurationList;
			buildConfigurations = (
				C96BCEF11ED3311200648F8D /* Debug */,
				C96BCEF21ED3311200648F8D /* Release */,
			);
			defaultConfigurationIsVisible = 0;
			defaultConfigurationName = Release;
		};
/* End XCConfigurationList section */
	};
	rootObject = C96BCED11ED3311200648F8D /* Project object */;
}
